// !$*UTF8*$!
{
	archiveVersion = 1;
	classes = {
	};
	objectVersion = 55;
	objects = {

/* Begin PBXBuildFile section */
		891B306B2828204C002CEA82 /* AppDelegate.swift in Sources */ = {isa = PBXBuildFile; fileRef = 891B306A2828204C002CEA82 /* AppDelegate.swift */; };
		891B306D2828204C002CEA82 /* SceneDelegate.swift in Sources */ = {isa = PBXBuildFile; fileRef = 891B306C2828204C002CEA82 /* SceneDelegate.swift */; };
		891B306F2828204C002CEA82 /* ViewController.swift in Sources */ = {isa = PBXBuildFile; fileRef = 891B306E2828204C002CEA82 /* ViewController.swift */; };
		891B30722828204C002CEA82 /* Main.storyboard in Resources */ = {isa = PBXBuildFile; fileRef = 891B30702828204C002CEA82 /* Main.storyboard */; };
		891B307428282051002CEA82 /* Assets.xcassets in Resources */ = {isa = PBXBuildFile; fileRef = 891B307328282051002CEA82 /* Assets.xcassets */; };
		891B307728282051002CEA82 /* LaunchScreen.storyboard in Resources */ = {isa = PBXBuildFile; fileRef = 891B307528282051002CEA82 /* LaunchScreen.storyboard */; };
		891B3080282821A4002CEA82 /* ViewController.swift in Sources */ = {isa = PBXBuildFile; fileRef = 891B306E2828204C002CEA82 /* ViewController.swift */; };
		891B3081282821A4002CEA82 /* AppDelegate.swift in Sources */ = {isa = PBXBuildFile; fileRef = 891B306A2828204C002CEA82 /* AppDelegate.swift */; };
		891B3082282821A4002CEA82 /* SceneDelegate.swift in Sources */ = {isa = PBXBuildFile; fileRef = 891B306C2828204C002CEA82 /* SceneDelegate.swift */; };
		891B3085282821A4002CEA82 /* LaunchScreen.storyboard in Resources */ = {isa = PBXBuildFile; fileRef = 891B307528282051002CEA82 /* LaunchScreen.storyboard */; };
		891B3086282821A4002CEA82 /* Assets.xcassets in Resources */ = {isa = PBXBuildFile; fileRef = 891B307328282051002CEA82 /* Assets.xcassets */; };
		891B3087282821A4002CEA82 /* Main.storyboard in Resources */ = {isa = PBXBuildFile; fileRef = 891B30702828204C002CEA82 /* Main.storyboard */; };
		898B9B1328285715007DAE4F /* DriverMain.storyboard in Resources */ = {isa = PBXBuildFile; fileRef = 898B9B1228285715007DAE4F /* DriverMain.storyboard */; };
		898B9B162828684F007DAE4F /* Token.swift in Sources */ = {isa = PBXBuildFile; fileRef = 898B9B152828684F007DAE4F /* Token.swift */; };
		898B9B172828684F007DAE4F /* Token.swift in Sources */ = {isa = PBXBuildFile; fileRef = 898B9B152828684F007DAE4F /* Token.swift */; };
		898B9B19282868B6007DAE4F /* User.swift in Sources */ = {isa = PBXBuildFile; fileRef = 898B9B18282868B6007DAE4F /* User.swift */; };
		898B9B1A282868B6007DAE4F /* User.swift in Sources */ = {isa = PBXBuildFile; fileRef = 898B9B18282868B6007DAE4F /* User.swift */; };
		898B9B1C2828719D007DAE4F /* Driver.swift in Sources */ = {isa = PBXBuildFile; fileRef = 898B9B1B2828719D007DAE4F /* Driver.swift */; };
		898B9B1D2828719D007DAE4F /* Driver.swift in Sources */ = {isa = PBXBuildFile; fileRef = 898B9B1B2828719D007DAE4F /* Driver.swift */; };
		898B9B1F282871CC007DAE4F /* Client.swift in Sources */ = {isa = PBXBuildFile; fileRef = 898B9B1E282871CC007DAE4F /* Client.swift */; };
		898B9B20282871CC007DAE4F /* Client.swift in Sources */ = {isa = PBXBuildFile; fileRef = 898B9B1E282871CC007DAE4F /* Client.swift */; };
		898B9B22282871F5007DAE4F /* Vehicle.swift in Sources */ = {isa = PBXBuildFile; fileRef = 898B9B21282871F5007DAE4F /* Vehicle.swift */; };
		898B9B23282871F5007DAE4F /* Vehicle.swift in Sources */ = {isa = PBXBuildFile; fileRef = 898B9B21282871F5007DAE4F /* Vehicle.swift */; };
		898B9B25282872D2007DAE4F /* RideRequest.swift in Sources */ = {isa = PBXBuildFile; fileRef = 898B9B24282872D2007DAE4F /* RideRequest.swift */; };
		898B9B26282872D2007DAE4F /* RideRequest.swift in Sources */ = {isa = PBXBuildFile; fileRef = 898B9B24282872D2007DAE4F /* RideRequest.swift */; };
		898B9B2828287376007DAE4F /* DesignatedRide.swift in Sources */ = {isa = PBXBuildFile; fileRef = 898B9B2728287376007DAE4F /* DesignatedRide.swift */; };
		898B9B2928287376007DAE4F /* DesignatedRide.swift in Sources */ = {isa = PBXBuildFile; fileRef = 898B9B2728287376007DAE4F /* DesignatedRide.swift */; };
/* End PBXBuildFile section */

/* Begin PBXFileReference section */
		891B30672828204C002CEA82 /* GottaGoFastClient.app */ = {isa = PBXFileReference; explicitFileType = wrapper.application; includeInIndex = 0; path = GottaGoFastClient.app; sourceTree = BUILT_PRODUCTS_DIR; };
		891B306A2828204C002CEA82 /* AppDelegate.swift */ = {isa = PBXFileReference; lastKnownFileType = sourcecode.swift; path = AppDelegate.swift; sourceTree = "<group>"; };
		891B306C2828204C002CEA82 /* SceneDelegate.swift */ = {isa = PBXFileReference; lastKnownFileType = sourcecode.swift; path = SceneDelegate.swift; sourceTree = "<group>"; };
		891B306E2828204C002CEA82 /* ViewController.swift */ = {isa = PBXFileReference; lastKnownFileType = sourcecode.swift; path = ViewController.swift; sourceTree = "<group>"; };
		891B30712828204C002CEA82 /* Base */ = {isa = PBXFileReference; lastKnownFileType = file.storyboard; name = Base; path = Base.lproj/Main.storyboard; sourceTree = "<group>"; };
		891B307328282051002CEA82 /* Assets.xcassets */ = {isa = PBXFileReference; lastKnownFileType = folder.assetcatalog; path = Assets.xcassets; sourceTree = "<group>"; };
		891B307628282051002CEA82 /* Base */ = {isa = PBXFileReference; lastKnownFileType = file.storyboard; name = Base; path = Base.lproj/LaunchScreen.storyboard; sourceTree = "<group>"; };
		891B307828282051002CEA82 /* Info.plist */ = {isa = PBXFileReference; lastKnownFileType = text.plist.xml; path = Info.plist; sourceTree = "<group>"; };
		891B308B282821A4002CEA82 /* GottaGoFastDriver.app */ = {isa = PBXFileReference; explicitFileType = wrapper.application; includeInIndex = 0; path = GottaGoFastDriver.app; sourceTree = BUILT_PRODUCTS_DIR; };
		891B308C282821A4002CEA82 /* GottaGoFastDriver-Info.plist */ = {isa = PBXFileReference; lastKnownFileType = text.plist.xml; name = "GottaGoFastDriver-Info.plist"; path = "/Users/irynahorbachova/Desktop/диплом/GottaGoFast/GottaGoFastDriver-Info.plist"; sourceTree = "<absolute>"; };
		898B9B1228285715007DAE4F /* DriverMain.storyboard */ = {isa = PBXFileReference; lastKnownFileType = file.storyboard; path = DriverMain.storyboard; sourceTree = "<group>"; };
		898B9B152828684F007DAE4F /* Token.swift */ = {isa = PBXFileReference; lastKnownFileType = sourcecode.swift; path = Token.swift; sourceTree = "<group>"; };
		898B9B18282868B6007DAE4F /* User.swift */ = {isa = PBXFileReference; lastKnownFileType = sourcecode.swift; path = User.swift; sourceTree = "<group>"; };
		898B9B1B2828719D007DAE4F /* Driver.swift */ = {isa = PBXFileReference; lastKnownFileType = sourcecode.swift; path = Driver.swift; sourceTree = "<group>"; };
		898B9B1E282871CC007DAE4F /* Client.swift */ = {isa = PBXFileReference; lastKnownFileType = sourcecode.swift; path = Client.swift; sourceTree = "<group>"; };
		898B9B21282871F5007DAE4F /* Vehicle.swift */ = {isa = PBXFileReference; lastKnownFileType = sourcecode.swift; path = Vehicle.swift; sourceTree = "<group>"; };
		898B9B24282872D2007DAE4F /* RideRequest.swift */ = {isa = PBXFileReference; lastKnownFileType = sourcecode.swift; path = RideRequest.swift; sourceTree = "<group>"; };
		898B9B2728287376007DAE4F /* DesignatedRide.swift */ = {isa = PBXFileReference; lastKnownFileType = sourcecode.swift; path = DesignatedRide.swift; sourceTree = "<group>"; };
/* End PBXFileReference section */

/* Begin PBXFrameworksBuildPhase section */
		891B30642828204C002CEA82 /* Frameworks */ = {
			isa = PBXFrameworksBuildPhase;
			buildActionMask = 2147483647;
			files = (
			);
			runOnlyForDeploymentPostprocessing = 0;
		};
		891B3083282821A4002CEA82 /* Frameworks */ = {
			isa = PBXFrameworksBuildPhase;
			buildActionMask = 2147483647;
			files = (
			);
			runOnlyForDeploymentPostprocessing = 0;
		};
/* End PBXFrameworksBuildPhase section */

/* Begin PBXGroup section */
		891B305E2828204C002CEA82 = {
			isa = PBXGroup;
			children = (
				891B30692828204C002CEA82 /* GottaGoFast */,
				891B30682828204C002CEA82 /* Products */,
				891B308C282821A4002CEA82 /* GottaGoFastDriver-Info.plist */,
			);
			sourceTree = "<group>";
		};
		891B30682828204C002CEA82 /* Products */ = {
			isa = PBXGroup;
			children = (
				891B30672828204C002CEA82 /* GottaGoFastClient.app */,
				891B308B282821A4002CEA82 /* GottaGoFastDriver.app */,
			);
			name = Products;
			sourceTree = "<group>";
		};
		891B30692828204C002CEA82 /* GottaGoFast */ = {
			isa = PBXGroup;
			children = (
				891B309128283FE9002CEA82 /* Shared */,
				891B309028283FE2002CEA82 /* Client */,
				891B308F28283FD9002CEA82 /* Driver */,
				891B306E2828204C002CEA82 /* ViewController.swift */,
				891B307328282051002CEA82 /* Assets.xcassets */,
				891B307528282051002CEA82 /* LaunchScreen.storyboard */,
				891B307828282051002CEA82 /* Info.plist */,
			);
			path = GottaGoFast;
			sourceTree = "<group>";
		};
		891B308F28283FD9002CEA82 /* Driver */ = {
			isa = PBXGroup;
			children = (
				898B9B1228285715007DAE4F /* DriverMain.storyboard */,
			);
			path = Driver;
			sourceTree = "<group>";
		};
		891B309028283FE2002CEA82 /* Client */ = {
			isa = PBXGroup;
			children = (
				891B30702828204C002CEA82 /* Main.storyboard */,
			);
			path = Client;
			sourceTree = "<group>";
		};
		891B309128283FE9002CEA82 /* Shared */ = {
			isa = PBXGroup;
			children = (
				898B9B142828681B007DAE4F /* Model */,
				891B306A2828204C002CEA82 /* AppDelegate.swift */,
				891B306C2828204C002CEA82 /* SceneDelegate.swift */,
			);
			path = Shared;
			sourceTree = "<group>";
		};
		898B9B142828681B007DAE4F /* Model */ = {
			isa = PBXGroup;
			children = (
				898B9B152828684F007DAE4F /* Token.swift */,
				898B9B18282868B6007DAE4F /* User.swift */,
				898B9B1B2828719D007DAE4F /* Driver.swift */,
				898B9B1E282871CC007DAE4F /* Client.swift */,
				898B9B21282871F5007DAE4F /* Vehicle.swift */,
				898B9B24282872D2007DAE4F /* RideRequest.swift */,
				898B9B2728287376007DAE4F /* DesignatedRide.swift */,
			);
			path = Model;
			sourceTree = "<group>";
		};
/* End PBXGroup section */

/* Begin PBXNativeTarget section */
		891B30662828204C002CEA82 /* GottaGoFastClient */ = {
			isa = PBXNativeTarget;
			buildConfigurationList = 891B307B28282051002CEA82 /* Build configuration list for PBXNativeTarget "GottaGoFastClient" */;
			buildPhases = (
				891B30632828204C002CEA82 /* Sources */,
				891B30642828204C002CEA82 /* Frameworks */,
				891B30652828204C002CEA82 /* Resources */,
			);
			buildRules = (
			);
			dependencies = (
			);
			name = GottaGoFastClient;
			productName = GottaGoFast;
			productReference = 891B30672828204C002CEA82 /* GottaGoFastClient.app */;
			productType = "com.apple.product-type.application";
		};
		891B307E282821A4002CEA82 /* GottaGoFastDriver */ = {
			isa = PBXNativeTarget;
			buildConfigurationList = 891B3088282821A4002CEA82 /* Build configuration list for PBXNativeTarget "GottaGoFastDriver" */;
			buildPhases = (
				891B307F282821A4002CEA82 /* Sources */,
				891B3083282821A4002CEA82 /* Frameworks */,
				891B3084282821A4002CEA82 /* Resources */,
			);
			buildRules = (
			);
			dependencies = (
			);
			name = GottaGoFastDriver;
			productName = GottaGoFast;
			productReference = 891B308B282821A4002CEA82 /* GottaGoFastDriver.app */;
			productType = "com.apple.product-type.application";
		};
/* End PBXNativeTarget section */

/* Begin PBXProject section */
		891B305F2828204C002CEA82 /* Project object */ = {
			isa = PBXProject;
			attributes = {
				BuildIndependentTargetsInParallel = 1;
				LastSwiftUpdateCheck = 1330;
				LastUpgradeCheck = 1330;
				TargetAttributes = {
					891B30662828204C002CEA82 = {
						CreatedOnToolsVersion = 13.3.1;
					};
				};
			};
			buildConfigurationList = 891B30622828204C002CEA82 /* Build configuration list for PBXProject "GottaGoFast" */;
			compatibilityVersion = "Xcode 13.0";
			developmentRegion = en;
			hasScannedForEncodings = 0;
			knownRegions = (
				en,
				Base,
			);
			mainGroup = 891B305E2828204C002CEA82;
			productRefGroup = 891B30682828204C002CEA82 /* Products */;
			projectDirPath = "";
			projectRoot = "";
			targets = (
				891B30662828204C002CEA82 /* GottaGoFastClient */,
				891B307E282821A4002CEA82 /* GottaGoFastDriver */,
			);
		};
/* End PBXProject section */

/* Begin PBXResourcesBuildPhase section */
		891B30652828204C002CEA82 /* Resources */ = {
			isa = PBXResourcesBuildPhase;
			buildActionMask = 2147483647;
			files = (
				891B307728282051002CEA82 /* LaunchScreen.storyboard in Resources */,
				891B307428282051002CEA82 /* Assets.xcassets in Resources */,
				891B30722828204C002CEA82 /* Main.storyboard in Resources */,
			);
			runOnlyForDeploymentPostprocessing = 0;
		};
		891B3084282821A4002CEA82 /* Resources */ = {
			isa = PBXResourcesBuildPhase;
			buildActionMask = 2147483647;
			files = (
				891B3085282821A4002CEA82 /* LaunchScreen.storyboard in Resources */,
				898B9B1328285715007DAE4F /* DriverMain.storyboard in Resources */,
				891B3086282821A4002CEA82 /* Assets.xcassets in Resources */,
				891B3087282821A4002CEA82 /* Main.storyboard in Resources */,
			);
			runOnlyForDeploymentPostprocessing = 0;
		};
/* End PBXResourcesBuildPhase section */

/* Begin PBXSourcesBuildPhase section */
		891B30632828204C002CEA82 /* Sources */ = {
			isa = PBXSourcesBuildPhase;
			buildActionMask = 2147483647;
			files = (
				898B9B22282871F5007DAE4F /* Vehicle.swift in Sources */,
				898B9B25282872D2007DAE4F /* RideRequest.swift in Sources */,
				891B306F2828204C002CEA82 /* ViewController.swift in Sources */,
				898B9B1F282871CC007DAE4F /* Client.swift in Sources */,
				891B306B2828204C002CEA82 /* AppDelegate.swift in Sources */,
				891B306D2828204C002CEA82 /* SceneDelegate.swift in Sources */,
				898B9B1C2828719D007DAE4F /* Driver.swift in Sources */,
				898B9B2828287376007DAE4F /* DesignatedRide.swift in Sources */,
				898B9B19282868B6007DAE4F /* User.swift in Sources */,
				898B9B162828684F007DAE4F /* Token.swift in Sources */,
			);
			runOnlyForDeploymentPostprocessing = 0;
		};
		891B307F282821A4002CEA82 /* Sources */ = {
			isa = PBXSourcesBuildPhase;
			buildActionMask = 2147483647;
			files = (
				898B9B23282871F5007DAE4F /* Vehicle.swift in Sources */,
				898B9B26282872D2007DAE4F /* RideRequest.swift in Sources */,
				891B3080282821A4002CEA82 /* ViewController.swift in Sources */,
				898B9B20282871CC007DAE4F /* Client.swift in Sources */,
				891B3081282821A4002CEA82 /* AppDelegate.swift in Sources */,
				891B3082282821A4002CEA82 /* SceneDelegate.swift in Sources */,
				898B9B1D2828719D007DAE4F /* Driver.swift in Sources */,
				898B9B2928287376007DAE4F /* DesignatedRide.swift in Sources */,
				898B9B1A282868B6007DAE4F /* User.swift in Sources */,
				898B9B172828684F007DAE4F /* Token.swift in Sources */,
			);
			runOnlyForDeploymentPostprocessing = 0;
		};
/* End PBXSourcesBuildPhase section */

/* Begin PBXVariantGroup section */
		891B30702828204C002CEA82 /* Main.storyboard */ = {
			isa = PBXVariantGroup;
			children = (
				891B30712828204C002CEA82 /* Base */,
			);
			name = Main.storyboard;
			sourceTree = "<group>";
		};
		891B307528282051002CEA82 /* LaunchScreen.storyboard */ = {
			isa = PBXVariantGroup;
			children = (
				891B307628282051002CEA82 /* Base */,
			);
			name = LaunchScreen.storyboard;
			sourceTree = "<group>";
		};
/* End PBXVariantGroup section */

/* Begin XCBuildConfiguration section */
		891B307928282051002CEA82 /* Debug */ = {
			isa = XCBuildConfiguration;
			buildSettings = {
				ALWAYS_SEARCH_USER_PATHS = NO;
				CLANG_ANALYZER_NONNULL = YES;
				CLANG_ANALYZER_NUMBER_OBJECT_CONVERSION = YES_AGGRESSIVE;
				CLANG_CXX_LANGUAGE_STANDARD = "gnu++17";
				CLANG_ENABLE_MODULES = YES;
				CLANG_ENABLE_OBJC_ARC = YES;
				CLANG_ENABLE_OBJC_WEAK = YES;
				CLANG_WARN_BLOCK_CAPTURE_AUTORELEASING = YES;
				CLANG_WARN_BOOL_CONVERSION = YES;
				CLANG_WARN_COMMA = YES;
				CLANG_WARN_CONSTANT_CONVERSION = YES;
				CLANG_WARN_DEPRECATED_OBJC_IMPLEMENTATIONS = YES;
				CLANG_WARN_DIRECT_OBJC_ISA_USAGE = YES_ERROR;
				CLANG_WARN_DOCUMENTATION_COMMENTS = YES;
				CLANG_WARN_EMPTY_BODY = YES;
				CLANG_WARN_ENUM_CONVERSION = YES;
				CLANG_WARN_INFINITE_RECURSION = YES;
				CLANG_WARN_INT_CONVERSION = YES;
				CLANG_WARN_NON_LITERAL_NULL_CONVERSION = YES;
				CLANG_WARN_OBJC_IMPLICIT_RETAIN_SELF = YES;
				CLANG_WARN_OBJC_LITERAL_CONVERSION = YES;
				CLANG_WARN_OBJC_ROOT_CLASS = YES_ERROR;
				CLANG_WARN_QUOTED_INCLUDE_IN_FRAMEWORK_HEADER = YES;
				CLANG_WARN_RANGE_LOOP_ANALYSIS = YES;
				CLANG_WARN_STRICT_PROTOTYPES = YES;
				CLANG_WARN_SUSPICIOUS_MOVE = YES;
				CLANG_WARN_UNGUARDED_AVAILABILITY = YES_AGGRESSIVE;
				CLANG_WARN_UNREACHABLE_CODE = YES;
				CLANG_WARN__DUPLICATE_METHOD_MATCH = YES;
				COPY_PHASE_STRIP = NO;
				DEBUG_INFORMATION_FORMAT = dwarf;
				ENABLE_STRICT_OBJC_MSGSEND = YES;
				ENABLE_TESTABILITY = YES;
				GCC_C_LANGUAGE_STANDARD = gnu11;
				GCC_DYNAMIC_NO_PIC = NO;
				GCC_NO_COMMON_BLOCKS = YES;
				GCC_OPTIMIZATION_LEVEL = 0;
				GCC_PREPROCESSOR_DEFINITIONS = (
					"DEBUG=1",
					"$(inherited)",
				);
				GCC_WARN_64_TO_32_BIT_CONVERSION = YES;
				GCC_WARN_ABOUT_RETURN_TYPE = YES_ERROR;
				GCC_WARN_UNDECLARED_SELECTOR = YES;
				GCC_WARN_UNINITIALIZED_AUTOS = YES_AGGRESSIVE;
				GCC_WARN_UNUSED_FUNCTION = YES;
				GCC_WARN_UNUSED_VARIABLE = YES;
				IPHONEOS_DEPLOYMENT_TARGET = 15.4;
				MTL_ENABLE_DEBUG_INFO = INCLUDE_SOURCE;
				MTL_FAST_MATH = YES;
				ONLY_ACTIVE_ARCH = YES;
				SDKROOT = iphoneos;
				SWIFT_ACTIVE_COMPILATION_CONDITIONS = DEBUG;
				SWIFT_OPTIMIZATION_LEVEL = "-Onone";
			};
			name = Debug;
		};
		891B307A28282051002CEA82 /* Release */ = {
			isa = XCBuildConfiguration;
			buildSettings = {
				ALWAYS_SEARCH_USER_PATHS = NO;
				CLANG_ANALYZER_NONNULL = YES;
				CLANG_ANALYZER_NUMBER_OBJECT_CONVERSION = YES_AGGRESSIVE;
				CLANG_CXX_LANGUAGE_STANDARD = "gnu++17";
				CLANG_ENABLE_MODULES = YES;
				CLANG_ENABLE_OBJC_ARC = YES;
				CLANG_ENABLE_OBJC_WEAK = YES;
				CLANG_WARN_BLOCK_CAPTURE_AUTORELEASING = YES;
				CLANG_WARN_BOOL_CONVERSION = YES;
				CLANG_WARN_COMMA = YES;
				CLANG_WARN_CONSTANT_CONVERSION = YES;
				CLANG_WARN_DEPRECATED_OBJC_IMPLEMENTATIONS = YES;
				CLANG_WARN_DIRECT_OBJC_ISA_USAGE = YES_ERROR;
				CLANG_WARN_DOCUMENTATION_COMMENTS = YES;
				CLANG_WARN_EMPTY_BODY = YES;
				CLANG_WARN_ENUM_CONVERSION = YES;
				CLANG_WARN_INFINITE_RECURSION = YES;
				CLANG_WARN_INT_CONVERSION = YES;
				CLANG_WARN_NON_LITERAL_NULL_CONVERSION = YES;
				CLANG_WARN_OBJC_IMPLICIT_RETAIN_SELF = YES;
				CLANG_WARN_OBJC_LITERAL_CONVERSION = YES;
				CLANG_WARN_OBJC_ROOT_CLASS = YES_ERROR;
				CLANG_WARN_QUOTED_INCLUDE_IN_FRAMEWORK_HEADER = YES;
				CLANG_WARN_RANGE_LOOP_ANALYSIS = YES;
				CLANG_WARN_STRICT_PROTOTYPES = YES;
				CLANG_WARN_SUSPICIOUS_MOVE = YES;
				CLANG_WARN_UNGUARDED_AVAILABILITY = YES_AGGRESSIVE;
				CLANG_WARN_UNREACHABLE_CODE = YES;
				CLANG_WARN__DUPLICATE_METHOD_MATCH = YES;
				COPY_PHASE_STRIP = NO;
				DEBUG_INFORMATION_FORMAT = "dwarf-with-dsym";
				ENABLE_NS_ASSERTIONS = NO;
				ENABLE_STRICT_OBJC_MSGSEND = YES;
				GCC_C_LANGUAGE_STANDARD = gnu11;
				GCC_NO_COMMON_BLOCKS = YES;
				GCC_WARN_64_TO_32_BIT_CONVERSION = YES;
				GCC_WARN_ABOUT_RETURN_TYPE = YES_ERROR;
				GCC_WARN_UNDECLARED_SELECTOR = YES;
				GCC_WARN_UNINITIALIZED_AUTOS = YES_AGGRESSIVE;
				GCC_WARN_UNUSED_FUNCTION = YES;
				GCC_WARN_UNUSED_VARIABLE = YES;
				IPHONEOS_DEPLOYMENT_TARGET = 15.4;
				MTL_ENABLE_DEBUG_INFO = NO;
				MTL_FAST_MATH = YES;
				SDKROOT = iphoneos;
				SWIFT_COMPILATION_MODE = wholemodule;
				SWIFT_OPTIMIZATION_LEVEL = "-O";
				VALIDATE_PRODUCT = YES;
			};
			name = Release;
		};
		891B307C28282051002CEA82 /* Debug */ = {
			isa = XCBuildConfiguration;
			buildSettings = {
				ASSETCATALOG_COMPILER_APPICON_NAME = AppIcon;
				ASSETCATALOG_COMPILER_GLOBAL_ACCENT_COLOR_NAME = AccentColor;
				CODE_SIGN_STYLE = Automatic;
				CURRENT_PROJECT_VERSION = 1;
				DEVELOPMENT_TEAM = UFGZF6CY79;
				GENERATE_INFOPLIST_FILE = YES;
				INFOPLIST_FILE = GottaGoFast/Info.plist;
				INFOPLIST_KEY_CFBundleDisplayName = GottaGoFastClient;
				INFOPLIST_KEY_UIApplicationSupportsIndirectInputEvents = YES;
				INFOPLIST_KEY_UILaunchStoryboardName = LaunchScreen;
				INFOPLIST_KEY_UIMainStoryboardFile = Main;
				INFOPLIST_KEY_UISupportedInterfaceOrientations_iPad = "UIInterfaceOrientationPortrait UIInterfaceOrientationPortraitUpsideDown UIInterfaceOrientationLandscapeLeft UIInterfaceOrientationLandscapeRight";
				INFOPLIST_KEY_UISupportedInterfaceOrientations_iPhone = "UIInterfaceOrientationPortrait UIInterfaceOrientationLandscapeLeft UIInterfaceOrientationLandscapeRight";
				IPHONEOS_DEPLOYMENT_TARGET = 15.0;
				LD_RUNPATH_SEARCH_PATHS = (
					"$(inherited)",
					"@executable_path/Frameworks",
				);
				MARKETING_VERSION = 1.0;
				PRODUCT_BUNDLE_IDENTIFIER = irynahorbachova.GottaGoFast.client;
				PRODUCT_NAME = "$(TARGET_NAME)";
				SWIFT_EMIT_LOC_STRINGS = YES;
				SWIFT_VERSION = 5.0;
				TARGETED_DEVICE_FAMILY = "1,2";
			};
			name = Debug;
		};
		891B307D28282051002CEA82 /* Release */ = {
			isa = XCBuildConfiguration;
			buildSettings = {
				ASSETCATALOG_COMPILER_APPICON_NAME = AppIcon;
				ASSETCATALOG_COMPILER_GLOBAL_ACCENT_COLOR_NAME = AccentColor;
				CODE_SIGN_STYLE = Automatic;
				CURRENT_PROJECT_VERSION = 1;
				DEVELOPMENT_TEAM = UFGZF6CY79;
				GENERATE_INFOPLIST_FILE = YES;
				INFOPLIST_FILE = GottaGoFast/Info.plist;
				INFOPLIST_KEY_CFBundleDisplayName = GottaGoFastClient;
				INFOPLIST_KEY_UIApplicationSupportsIndirectInputEvents = YES;
				INFOPLIST_KEY_UILaunchStoryboardName = LaunchScreen;
				INFOPLIST_KEY_UIMainStoryboardFile = Main;
				INFOPLIST_KEY_UISupportedInterfaceOrientations_iPad = "UIInterfaceOrientationPortrait UIInterfaceOrientationPortraitUpsideDown UIInterfaceOrientationLandscapeLeft UIInterfaceOrientationLandscapeRight";
				INFOPLIST_KEY_UISupportedInterfaceOrientations_iPhone = "UIInterfaceOrientationPortrait UIInterfaceOrientationLandscapeLeft UIInterfaceOrientationLandscapeRight";
				IPHONEOS_DEPLOYMENT_TARGET = 15.0;
				LD_RUNPATH_SEARCH_PATHS = (
					"$(inherited)",
					"@executable_path/Frameworks",
				);
				MARKETING_VERSION = 1.0;
				PRODUCT_BUNDLE_IDENTIFIER = irynahorbachova.GottaGoFast.client;
				PRODUCT_NAME = "$(TARGET_NAME)";
				SWIFT_EMIT_LOC_STRINGS = YES;
				SWIFT_VERSION = 5.0;
				TARGETED_DEVICE_FAMILY = "1,2";
			};
			name = Release;
		};
		891B3089282821A4002CEA82 /* Debug */ = {
			isa = XCBuildConfiguration;
			buildSettings = {
				ASSETCATALOG_COMPILER_APPICON_NAME = AppIcon;
				ASSETCATALOG_COMPILER_GLOBAL_ACCENT_COLOR_NAME = AccentColor;
				CODE_SIGN_STYLE = Automatic;
				CURRENT_PROJECT_VERSION = 1;
				DEVELOPMENT_TEAM = UFGZF6CY79;
				GENERATE_INFOPLIST_FILE = YES;
				INFOPLIST_FILE = "GottaGoFastDriver-Info.plist";
				INFOPLIST_KEY_CFBundleDisplayName = GottaGoFastDriver;
				INFOPLIST_KEY_UIApplicationSupportsIndirectInputEvents = YES;
				INFOPLIST_KEY_UILaunchStoryboardName = LaunchScreen;
				INFOPLIST_KEY_UIMainStoryboardFile = DriverMain;
				INFOPLIST_KEY_UISupportedInterfaceOrientations_iPad = "UIInterfaceOrientationPortrait UIInterfaceOrientationPortraitUpsideDown UIInterfaceOrientationLandscapeLeft UIInterfaceOrientationLandscapeRight";
				INFOPLIST_KEY_UISupportedInterfaceOrientations_iPhone = "UIInterfaceOrientationPortrait UIInterfaceOrientationLandscapeLeft UIInterfaceOrientationLandscapeRight";
				IPHONEOS_DEPLOYMENT_TARGET = 15.0;
				LD_RUNPATH_SEARCH_PATHS = (
					"$(inherited)",
					"@executable_path/Frameworks",
				);
				MARKETING_VERSION = 1.0;
				PRODUCT_BUNDLE_IDENTIFIER = irynahorbachova.GottaGoFast.driver;
				PRODUCT_NAME = "$(TARGET_NAME)";
				SWIFT_EMIT_LOC_STRINGS = YES;
				SWIFT_VERSION = 5.0;
				TARGETED_DEVICE_FAMILY = "1,2";
			};
			name = Debug;
		};
		891B308A282821A4002CEA82 /* Release */ = {
			isa = XCBuildConfiguration;
			buildSettings = {
				ASSETCATALOG_COMPILER_APPICON_NAME = AppIcon;
				ASSETCATALOG_COMPILER_GLOBAL_ACCENT_COLOR_NAME = AccentColor;
				CODE_SIGN_STYLE = Automatic;
				CURRENT_PROJECT_VERSION = 1;
				DEVELOPMENT_TEAM = UFGZF6CY79;
				GENERATE_INFOPLIST_FILE = YES;
				INFOPLIST_FILE = "GottaGoFastDriver-Info.plist";
				INFOPLIST_KEY_CFBundleDisplayName = GottaGoFastDriver;
				INFOPLIST_KEY_UIApplicationSupportsIndirectInputEvents = YES;
				INFOPLIST_KEY_UILaunchStoryboardName = LaunchScreen;
				INFOPLIST_KEY_UIMainStoryboardFile = DriverMain;
				INFOPLIST_KEY_UISupportedInterfaceOrientations_iPad = "UIInterfaceOrientationPortrait UIInterfaceOrientationPortraitUpsideDown UIInterfaceOrientationLandscapeLeft UIInterfaceOrientationLandscapeRight";
				INFOPLIST_KEY_UISupportedInterfaceOrientations_iPhone = "UIInterfaceOrientationPortrait UIInterfaceOrientationLandscapeLeft UIInterfaceOrientationLandscapeRight";
				IPHONEOS_DEPLOYMENT_TARGET = 15.0;
				LD_RUNPATH_SEARCH_PATHS = (
					"$(inherited)",
					"@executable_path/Frameworks",
				);
				MARKETING_VERSION = 1.0;
				PRODUCT_BUNDLE_IDENTIFIER = irynahorbachova.GottaGoFast.driver;
				PRODUCT_NAME = "$(TARGET_NAME)";
				SWIFT_EMIT_LOC_STRINGS = YES;
				SWIFT_VERSION = 5.0;
				TARGETED_DEVICE_FAMILY = "1,2";
			};
			name = Release;
		};
/* End XCBuildConfiguration section */

/* Begin XCConfigurationList section */
		891B30622828204C002CEA82 /* Build configuration list for PBXProject "GottaGoFast" */ = {
			isa = XCConfigurationList;
			buildConfigurations = (
				891B307928282051002CEA82 /* Debug */,
				891B307A28282051002CEA82 /* Release */,
			);
			defaultConfigurationIsVisible = 0;
			defaultConfigurationName = Release;
		};
		891B307B28282051002CEA82 /* Build configuration list for PBXNativeTarget "GottaGoFastClient" */ = {
			isa = XCConfigurationList;
			buildConfigurations = (
				891B307C28282051002CEA82 /* Debug */,
				891B307D28282051002CEA82 /* Release */,
			);
			defaultConfigurationIsVisible = 0;
			defaultConfigurationName = Release;
		};
		891B3088282821A4002CEA82 /* Build configuration list for PBXNativeTarget "GottaGoFastDriver" */ = {
			isa = XCConfigurationList;
			buildConfigurations = (
				891B3089282821A4002CEA82 /* Debug */,
				891B308A282821A4002CEA82 /* Release */,
			);
			defaultConfigurationIsVisible = 0;
			defaultConfigurationName = Release;
		};
/* End XCConfigurationList section */
	};
	rootObject = 891B305F2828204C002CEA82 /* Project object */;
}
