// !$*UTF8*$!
{
	archiveVersion = 1;
	classes = {
	};
	objectVersion = 55;
	objects = {

/* Begin PBXBuildFile section */
		891B306B2828204C002CEA82 /* AppDelegate.swift in Sources */ = {isa = PBXBuildFile; fileRef = 891B306A2828204C002CEA82 /* AppDelegate.swift */; };
		891B306D2828204C002CEA82 /* SceneDelegate.swift in Sources */ = {isa = PBXBuildFile; fileRef = 891B306C2828204C002CEA82 /* SceneDelegate.swift */; };
		891B307428282051002CEA82 /* Assets.xcassets in Resources */ = {isa = PBXBuildFile; fileRef = 891B307328282051002CEA82 /* Assets.xcassets */; };
		891B307728282051002CEA82 /* LaunchScreen.storyboard in Resources */ = {isa = PBXBuildFile; fileRef = 891B307528282051002CEA82 /* LaunchScreen.storyboard */; };
		891B3081282821A4002CEA82 /* AppDelegate.swift in Sources */ = {isa = PBXBuildFile; fileRef = 891B306A2828204C002CEA82 /* AppDelegate.swift */; };
		891B3082282821A4002CEA82 /* SceneDelegate.swift in Sources */ = {isa = PBXBuildFile; fileRef = 891B306C2828204C002CEA82 /* SceneDelegate.swift */; };
		891B3085282821A4002CEA82 /* LaunchScreen.storyboard in Resources */ = {isa = PBXBuildFile; fileRef = 891B307528282051002CEA82 /* LaunchScreen.storyboard */; };
		891B3086282821A4002CEA82 /* Assets.xcassets in Resources */ = {isa = PBXBuildFile; fileRef = 891B307328282051002CEA82 /* Assets.xcassets */; };
		898B9B162828684F007DAE4F /* Token.swift in Sources */ = {isa = PBXBuildFile; fileRef = 898B9B152828684F007DAE4F /* Token.swift */; };
		898B9B172828684F007DAE4F /* Token.swift in Sources */ = {isa = PBXBuildFile; fileRef = 898B9B152828684F007DAE4F /* Token.swift */; };
		898B9B19282868B6007DAE4F /* User.swift in Sources */ = {isa = PBXBuildFile; fileRef = 898B9B18282868B6007DAE4F /* User.swift */; };
		898B9B1A282868B6007DAE4F /* User.swift in Sources */ = {isa = PBXBuildFile; fileRef = 898B9B18282868B6007DAE4F /* User.swift */; };
		898B9B1C2828719D007DAE4F /* Driver.swift in Sources */ = {isa = PBXBuildFile; fileRef = 898B9B1B2828719D007DAE4F /* Driver.swift */; };
		898B9B1D2828719D007DAE4F /* Driver.swift in Sources */ = {isa = PBXBuildFile; fileRef = 898B9B1B2828719D007DAE4F /* Driver.swift */; };
		898B9B1F282871CC007DAE4F /* Client.swift in Sources */ = {isa = PBXBuildFile; fileRef = 898B9B1E282871CC007DAE4F /* Client.swift */; };
		898B9B20282871CC007DAE4F /* Client.swift in Sources */ = {isa = PBXBuildFile; fileRef = 898B9B1E282871CC007DAE4F /* Client.swift */; };
		898B9B22282871F5007DAE4F /* Vehicle.swift in Sources */ = {isa = PBXBuildFile; fileRef = 898B9B21282871F5007DAE4F /* Vehicle.swift */; };
		898B9B23282871F5007DAE4F /* Vehicle.swift in Sources */ = {isa = PBXBuildFile; fileRef = 898B9B21282871F5007DAE4F /* Vehicle.swift */; };
		898B9B25282872D2007DAE4F /* RideRequest.swift in Sources */ = {isa = PBXBuildFile; fileRef = 898B9B24282872D2007DAE4F /* RideRequest.swift */; };
		898B9B26282872D2007DAE4F /* RideRequest.swift in Sources */ = {isa = PBXBuildFile; fileRef = 898B9B24282872D2007DAE4F /* RideRequest.swift */; };
		898B9B2828287376007DAE4F /* DesignatedRide.swift in Sources */ = {isa = PBXBuildFile; fileRef = 898B9B2728287376007DAE4F /* DesignatedRide.swift */; };
		898B9B2928287376007DAE4F /* DesignatedRide.swift in Sources */ = {isa = PBXBuildFile; fileRef = 898B9B2728287376007DAE4F /* DesignatedRide.swift */; };
		898B9B2D2828753E007DAE4F /* HTTPMethod.swift in Sources */ = {isa = PBXBuildFile; fileRef = 898B9B2C2828753E007DAE4F /* HTTPMethod.swift */; };
		898B9B2E2828753E007DAE4F /* HTTPMethod.swift in Sources */ = {isa = PBXBuildFile; fileRef = 898B9B2C2828753E007DAE4F /* HTTPMethod.swift */; };
		898B9B302828762C007DAE4F /* NetworkingError.swift in Sources */ = {isa = PBXBuildFile; fileRef = 898B9B2F2828762C007DAE4F /* NetworkingError.swift */; };
		898B9B312828762C007DAE4F /* NetworkingError.swift in Sources */ = {isa = PBXBuildFile; fileRef = 898B9B2F2828762C007DAE4F /* NetworkingError.swift */; };
		898B9B3528287655007DAE4F /* Localizable.strings in Resources */ = {isa = PBXBuildFile; fileRef = 898B9B3828287655007DAE4F /* Localizable.strings */; };
		898B9B3628287655007DAE4F /* Localizable.strings in Resources */ = {isa = PBXBuildFile; fileRef = 898B9B3828287655007DAE4F /* Localizable.strings */; };
		898B9B3C28287749007DAE4F /* String+Extensions.swift in Sources */ = {isa = PBXBuildFile; fileRef = 898B9B3B28287749007DAE4F /* String+Extensions.swift */; };
		898B9B3D28287749007DAE4F /* String+Extensions.swift in Sources */ = {isa = PBXBuildFile; fileRef = 898B9B3B28287749007DAE4F /* String+Extensions.swift */; };
		898B9B3F282877B3007DAE4F /* NetworkingProvider.swift in Sources */ = {isa = PBXBuildFile; fileRef = 898B9B3E282877B3007DAE4F /* NetworkingProvider.swift */; };
		898B9B40282877B3007DAE4F /* NetworkingProvider.swift in Sources */ = {isa = PBXBuildFile; fileRef = 898B9B3E282877B3007DAE4F /* NetworkingProvider.swift */; };
		898B9B42282877F0007DAE4F /* EndpointType.swift in Sources */ = {isa = PBXBuildFile; fileRef = 898B9B41282877F0007DAE4F /* EndpointType.swift */; };
		898B9B43282877F0007DAE4F /* EndpointType.swift in Sources */ = {isa = PBXBuildFile; fileRef = 898B9B41282877F0007DAE4F /* EndpointType.swift */; };
		898B9B46282879CC007DAE4F /* AuthenticationManager.swift in Sources */ = {isa = PBXBuildFile; fileRef = 898B9B45282879CC007DAE4F /* AuthenticationManager.swift */; };
		898B9B47282879CC007DAE4F /* AuthenticationManager.swift in Sources */ = {isa = PBXBuildFile; fileRef = 898B9B45282879CC007DAE4F /* AuthenticationManager.swift */; };
		898B9B4A28287C06007DAE4F /* DataEncoder.swift in Sources */ = {isa = PBXBuildFile; fileRef = 898B9B4928287C06007DAE4F /* DataEncoder.swift */; };
		898B9B4B28287C06007DAE4F /* DataEncoder.swift in Sources */ = {isa = PBXBuildFile; fileRef = 898B9B4928287C06007DAE4F /* DataEncoder.swift */; };
		898B9B4D28287C87007DAE4F /* DataDecoder.swift in Sources */ = {isa = PBXBuildFile; fileRef = 898B9B4C28287C87007DAE4F /* DataDecoder.swift */; };
		898B9B4E28287C87007DAE4F /* DataDecoder.swift in Sources */ = {isa = PBXBuildFile; fileRef = 898B9B4C28287C87007DAE4F /* DataDecoder.swift */; };
		898B9B50282902A3007DAE4F /* NetworkingService.swift in Sources */ = {isa = PBXBuildFile; fileRef = 898B9B4F282902A3007DAE4F /* NetworkingService.swift */; };
		898B9B51282902A3007DAE4F /* NetworkingService.swift in Sources */ = {isa = PBXBuildFile; fileRef = 898B9B4F282902A3007DAE4F /* NetworkingService.swift */; };
		898B9B552829049C007DAE4F /* AuthenticationEndpoint.swift in Sources */ = {isa = PBXBuildFile; fileRef = 898B9B542829049C007DAE4F /* AuthenticationEndpoint.swift */; };
		898B9B562829049C007DAE4F /* AuthenticationEndpoint.swift in Sources */ = {isa = PBXBuildFile; fileRef = 898B9B542829049C007DAE4F /* AuthenticationEndpoint.swift */; };
		898B9B58282909BC007DAE4F /* AuthenticationServiceType.swift in Sources */ = {isa = PBXBuildFile; fileRef = 898B9B57282909BC007DAE4F /* AuthenticationServiceType.swift */; };
		898B9B59282909BC007DAE4F /* AuthenticationServiceType.swift in Sources */ = {isa = PBXBuildFile; fileRef = 898B9B57282909BC007DAE4F /* AuthenticationServiceType.swift */; };
		898B9B5B2829C29A007DAE4F /* EmptyResult.swift in Sources */ = {isa = PBXBuildFile; fileRef = 898B9B5A2829C29A007DAE4F /* EmptyResult.swift */; };
		898B9B5C2829C29A007DAE4F /* EmptyResult.swift in Sources */ = {isa = PBXBuildFile; fileRef = 898B9B5A2829C29A007DAE4F /* EmptyResult.swift */; };
		898B9B5E2829C343007DAE4F /* AuthenticationService.swift in Sources */ = {isa = PBXBuildFile; fileRef = 898B9B5D2829C343007DAE4F /* AuthenticationService.swift */; };
		898B9B5F2829C343007DAE4F /* AuthenticationService.swift in Sources */ = {isa = PBXBuildFile; fileRef = 898B9B5D2829C343007DAE4F /* AuthenticationService.swift */; };
		898B9B612829CD09007DAE4F /* MobilityEndpoint.swift in Sources */ = {isa = PBXBuildFile; fileRef = 898B9B602829CD09007DAE4F /* MobilityEndpoint.swift */; };
		898B9B622829CD09007DAE4F /* MobilityEndpoint.swift in Sources */ = {isa = PBXBuildFile; fileRef = 898B9B602829CD09007DAE4F /* MobilityEndpoint.swift */; };
		898B9B642829D14F007DAE4F /* MobilityServiceType.swift in Sources */ = {isa = PBXBuildFile; fileRef = 898B9B632829D14F007DAE4F /* MobilityServiceType.swift */; };
		898B9B652829D14F007DAE4F /* MobilityServiceType.swift in Sources */ = {isa = PBXBuildFile; fileRef = 898B9B632829D14F007DAE4F /* MobilityServiceType.swift */; };
		898B9B672829D20D007DAE4F /* Geotag.swift in Sources */ = {isa = PBXBuildFile; fileRef = 898B9B662829D20D007DAE4F /* Geotag.swift */; };
		898B9B682829D20D007DAE4F /* Geotag.swift in Sources */ = {isa = PBXBuildFile; fileRef = 898B9B662829D20D007DAE4F /* Geotag.swift */; };
		898B9B6A2829D29D007DAE4F /* MobilityService.swift in Sources */ = {isa = PBXBuildFile; fileRef = 898B9B692829D29D007DAE4F /* MobilityService.swift */; };
		898B9B6B2829D29D007DAE4F /* MobilityService.swift in Sources */ = {isa = PBXBuildFile; fileRef = 898B9B692829D29D007DAE4F /* MobilityService.swift */; };
		898B9B712829D7A7007DAE4F /* SecureStorageManager.swift in Sources */ = {isa = PBXBuildFile; fileRef = 898B9B702829D7A7007DAE4F /* SecureStorageManager.swift */; };
		898B9B722829D7A7007DAE4F /* SecureStorageManager.swift in Sources */ = {isa = PBXBuildFile; fileRef = 898B9B702829D7A7007DAE4F /* SecureStorageManager.swift */; };
		898B9B7B282ABCA7007DAE4F /* TargetType.swift in Sources */ = {isa = PBXBuildFile; fileRef = 898B9B7A282ABCA7007DAE4F /* TargetType.swift */; };
		898B9B7C282ABCA7007DAE4F /* TargetType.swift in Sources */ = {isa = PBXBuildFile; fileRef = 898B9B7A282ABCA7007DAE4F /* TargetType.swift */; };
		898B9B80282ABE57007DAE4F /* SignInViewController.swift in Sources */ = {isa = PBXBuildFile; fileRef = 898B9B7E282ABE57007DAE4F /* SignInViewController.swift */; };
		898B9B81282ABE57007DAE4F /* SignInViewController.swift in Sources */ = {isa = PBXBuildFile; fileRef = 898B9B7E282ABE57007DAE4F /* SignInViewController.swift */; };
		898B9B82282ABE57007DAE4F /* SignInViewController.xib in Resources */ = {isa = PBXBuildFile; fileRef = 898B9B7F282ABE57007DAE4F /* SignInViewController.xib */; };
		898B9B83282ABE57007DAE4F /* SignInViewController.xib in Resources */ = {isa = PBXBuildFile; fileRef = 898B9B7F282ABE57007DAE4F /* SignInViewController.xib */; };
		898B9B89282AC854007DAE4F /* AppModeManager.swift in Sources */ = {isa = PBXBuildFile; fileRef = 898B9B88282AC854007DAE4F /* AppModeManager.swift */; };
		898B9B8A282AC854007DAE4F /* AppModeManager.swift in Sources */ = {isa = PBXBuildFile; fileRef = 898B9B88282AC854007DAE4F /* AppModeManager.swift */; };
		898B9B8D282ACD79007DAE4F /* SignInViewModel.swift in Sources */ = {isa = PBXBuildFile; fileRef = 898B9B8C282ACD79007DAE4F /* SignInViewModel.swift */; };
		898B9B90282ACE23007DAE4F /* Validator.swift in Sources */ = {isa = PBXBuildFile; fileRef = 898B9B8F282ACE23007DAE4F /* Validator.swift */; };
		898B9B91282ACE23007DAE4F /* Validator.swift in Sources */ = {isa = PBXBuildFile; fileRef = 898B9B8F282ACE23007DAE4F /* Validator.swift */; };
		898B9B93282AD364007DAE4F /* XIBLocalizable.swift in Sources */ = {isa = PBXBuildFile; fileRef = 898B9B92282AD364007DAE4F /* XIBLocalizable.swift */; };
		898B9B94282AD364007DAE4F /* XIBLocalizable.swift in Sources */ = {isa = PBXBuildFile; fileRef = 898B9B92282AD364007DAE4F /* XIBLocalizable.swift */; };
		898B9B98282ADA66007DAE4F /* UIAlertController+Extensions.swift in Sources */ = {isa = PBXBuildFile; fileRef = 898B9B97282ADA66007DAE4F /* UIAlertController+Extensions.swift */; };
		898B9B99282ADA66007DAE4F /* UIAlertController+Extensions.swift in Sources */ = {isa = PBXBuildFile; fileRef = 898B9B97282ADA66007DAE4F /* UIAlertController+Extensions.swift */; };
		898B9B9C282B976A007DAE4F /* SignUpClientViewController.swift in Sources */ = {isa = PBXBuildFile; fileRef = 898B9B9A282B976A007DAE4F /* SignUpClientViewController.swift */; };
		898B9B9D282B976A007DAE4F /* SignUpClientViewController.xib in Resources */ = {isa = PBXBuildFile; fileRef = 898B9B9B282B976A007DAE4F /* SignUpClientViewController.xib */; };
		898B9BA0282B9782007DAE4F /* SignUpDriverViewController.swift in Sources */ = {isa = PBXBuildFile; fileRef = 898B9B9E282B9782007DAE4F /* SignUpDriverViewController.swift */; };
		898B9BA1282B9782007DAE4F /* SignUpDriverViewController.xib in Resources */ = {isa = PBXBuildFile; fileRef = 898B9B9F282B9782007DAE4F /* SignUpDriverViewController.xib */; };
		898B9BA5282C128C007DAE4F /* SignUpClientViewModel.swift in Sources */ = {isa = PBXBuildFile; fileRef = 898B9BA3282C123B007DAE4F /* SignUpClientViewModel.swift */; };
		898B9BA7282C1422007DAE4F /* ClientRegistration.swift in Sources */ = {isa = PBXBuildFile; fileRef = 898B9BA6282C1422007DAE4F /* ClientRegistration.swift */; };
		898B9BA8282C1A11007DAE4F /* SignInViewModel.swift in Sources */ = {isa = PBXBuildFile; fileRef = 898B9B8C282ACD79007DAE4F /* SignInViewModel.swift */; };
		898B9BA9282C4F76007DAE4F /* SignUpDriverViewController.swift in Sources */ = {isa = PBXBuildFile; fileRef = 898B9B9E282B9782007DAE4F /* SignUpDriverViewController.swift */; };
		898B9BAB282C510B007DAE4F /* SignUpClientViewController.swift in Sources */ = {isa = PBXBuildFile; fileRef = 898B9B9A282B976A007DAE4F /* SignUpClientViewController.swift */; };
		898B9BAC282C510E007DAE4F /* ClientRegistration.swift in Sources */ = {isa = PBXBuildFile; fileRef = 898B9BA6282C1422007DAE4F /* ClientRegistration.swift */; };
		898B9BAD282C5120007DAE4F /* SignUpClientViewModel.swift in Sources */ = {isa = PBXBuildFile; fileRef = 898B9BA3282C123B007DAE4F /* SignUpClientViewModel.swift */; };
		898B9BB0282C51A4007DAE4F /* SignUpDriverViewModel.swift in Sources */ = {isa = PBXBuildFile; fileRef = 898B9BAF282C51A4007DAE4F /* SignUpDriverViewModel.swift */; };
		898B9BB1282C51A4007DAE4F /* SignUpDriverViewModel.swift in Sources */ = {isa = PBXBuildFile; fileRef = 898B9BAF282C51A4007DAE4F /* SignUpDriverViewModel.swift */; };
		898B9BB3282C51EC007DAE4F /* UserRegistration.swift in Sources */ = {isa = PBXBuildFile; fileRef = 898B9BB2282C51EC007DAE4F /* UserRegistration.swift */; };
		898B9BB4282C51EC007DAE4F /* UserRegistration.swift in Sources */ = {isa = PBXBuildFile; fileRef = 898B9BB2282C51EC007DAE4F /* UserRegistration.swift */; };
		898B9BB6282C5202007DAE4F /* DriverRegistration.swift in Sources */ = {isa = PBXBuildFile; fileRef = 898B9BB5282C5202007DAE4F /* DriverRegistration.swift */; };
		898B9BB7282C5202007DAE4F /* DriverRegistration.swift in Sources */ = {isa = PBXBuildFile; fileRef = 898B9BB5282C5202007DAE4F /* DriverRegistration.swift */; };
		898B9BB9282CE8EC007DAE4F /* ClientTabBarController.swift in Sources */ = {isa = PBXBuildFile; fileRef = 898B9BB8282CE8EC007DAE4F /* ClientTabBarController.swift */; };
		898B9BBA282CE8EC007DAE4F /* ClientTabBarController.swift in Sources */ = {isa = PBXBuildFile; fileRef = 898B9BB8282CE8EC007DAE4F /* ClientTabBarController.swift */; };
		898B9BC1282CE95B007DAE4F /* ClientProfileViewController.swift in Sources */ = {isa = PBXBuildFile; fileRef = 898B9BBF282CE95B007DAE4F /* ClientProfileViewController.swift */; };
		898B9BC2282CE95B007DAE4F /* ClientProfileViewController.swift in Sources */ = {isa = PBXBuildFile; fileRef = 898B9BBF282CE95B007DAE4F /* ClientProfileViewController.swift */; };
		898B9BC3282CE95B007DAE4F /* ClientProfileViewController.xib in Resources */ = {isa = PBXBuildFile; fileRef = 898B9BC0282CE95B007DAE4F /* ClientProfileViewController.xib */; };
		898B9BC4282CE95B007DAE4F /* ClientProfileViewController.xib in Resources */ = {isa = PBXBuildFile; fileRef = 898B9BC0282CE95B007DAE4F /* ClientProfileViewController.xib */; };
		898B9BC7282CE973007DAE4F /* ClientMainViewController.swift in Sources */ = {isa = PBXBuildFile; fileRef = 898B9BC5282CE973007DAE4F /* ClientMainViewController.swift */; };
		898B9BC8282CE973007DAE4F /* ClientMainViewController.swift in Sources */ = {isa = PBXBuildFile; fileRef = 898B9BC5282CE973007DAE4F /* ClientMainViewController.swift */; };
		898B9BC9282CE973007DAE4F /* ClientMainViewController.xib in Resources */ = {isa = PBXBuildFile; fileRef = 898B9BC6282CE973007DAE4F /* ClientMainViewController.xib */; };
		898B9BCA282CE973007DAE4F /* ClientMainViewController.xib in Resources */ = {isa = PBXBuildFile; fileRef = 898B9BC6282CE973007DAE4F /* ClientMainViewController.xib */; };
		898B9BCC282CE99D007DAE4F /* DriverTabBarController.swift in Sources */ = {isa = PBXBuildFile; fileRef = 898B9BCB282CE99D007DAE4F /* DriverTabBarController.swift */; };
		898B9BCD282CE99D007DAE4F /* DriverTabBarController.swift in Sources */ = {isa = PBXBuildFile; fileRef = 898B9BCB282CE99D007DAE4F /* DriverTabBarController.swift */; };
		898B9BD0282CEA60007DAE4F /* DriverMainViewController.swift in Sources */ = {isa = PBXBuildFile; fileRef = 898B9BCE282CEA60007DAE4F /* DriverMainViewController.swift */; };
		898B9BD1282CEA60007DAE4F /* DriverMainViewController.swift in Sources */ = {isa = PBXBuildFile; fileRef = 898B9BCE282CEA60007DAE4F /* DriverMainViewController.swift */; };
		898B9BD2282CEA60007DAE4F /* DriverMainViewController.xib in Resources */ = {isa = PBXBuildFile; fileRef = 898B9BCF282CEA60007DAE4F /* DriverMainViewController.xib */; };
		898B9BD3282CEA60007DAE4F /* DriverMainViewController.xib in Resources */ = {isa = PBXBuildFile; fileRef = 898B9BCF282CEA60007DAE4F /* DriverMainViewController.xib */; };
		898B9BD6282CEA71007DAE4F /* DriverProfileViewController.swift in Sources */ = {isa = PBXBuildFile; fileRef = 898B9BD4282CEA71007DAE4F /* DriverProfileViewController.swift */; };
		898B9BD7282CEA71007DAE4F /* DriverProfileViewController.swift in Sources */ = {isa = PBXBuildFile; fileRef = 898B9BD4282CEA71007DAE4F /* DriverProfileViewController.swift */; };
		898B9BD8282CEA71007DAE4F /* DriverProfileViewController.xib in Resources */ = {isa = PBXBuildFile; fileRef = 898B9BD5282CEA71007DAE4F /* DriverProfileViewController.xib */; };
		898B9BD9282CEA71007DAE4F /* DriverProfileViewController.xib in Resources */ = {isa = PBXBuildFile; fileRef = 898B9BD5282CEA71007DAE4F /* DriverProfileViewController.xib */; };
		898B9BDB282CFC46007DAE4F /* UIViewController+Extensions.swift in Sources */ = {isa = PBXBuildFile; fileRef = 898B9BDA282CFC46007DAE4F /* UIViewController+Extensions.swift */; };
		898B9BDC282CFC46007DAE4F /* UIViewController+Extensions.swift in Sources */ = {isa = PBXBuildFile; fileRef = 898B9BDA282CFC46007DAE4F /* UIViewController+Extensions.swift */; };
		898B9BDE282D0F98007DAE4F /* ClientProfileViewModel.swift in Sources */ = {isa = PBXBuildFile; fileRef = 898B9BDD282D0F98007DAE4F /* ClientProfileViewModel.swift */; };
		898B9BDF282D0F98007DAE4F /* ClientProfileViewModel.swift in Sources */ = {isa = PBXBuildFile; fileRef = 898B9BDD282D0F98007DAE4F /* ClientProfileViewModel.swift */; };
		898B9BE1282D356D007DAE4F /* DriverProfileViewModel.swift in Sources */ = {isa = PBXBuildFile; fileRef = 898B9BE0282D356D007DAE4F /* DriverProfileViewModel.swift */; };
		898B9BE2282D356D007DAE4F /* DriverProfileViewModel.swift in Sources */ = {isa = PBXBuildFile; fileRef = 898B9BE0282D356D007DAE4F /* DriverProfileViewModel.swift */; };
		898B9BEA282EDFF2007DAE4F /* ClientMainViewModel.swift in Sources */ = {isa = PBXBuildFile; fileRef = 898B9BE9282EDFF1007DAE4F /* ClientMainViewModel.swift */; };
		898B9BEB282EDFF2007DAE4F /* ClientMainViewModel.swift in Sources */ = {isa = PBXBuildFile; fileRef = 898B9BE9282EDFF1007DAE4F /* ClientMainViewModel.swift */; };
/* End PBXBuildFile section */

/* Begin PBXFileReference section */
		891B30672828204C002CEA82 /* GottaGoFastClient.app */ = {isa = PBXFileReference; explicitFileType = wrapper.application; includeInIndex = 0; path = GottaGoFastClient.app; sourceTree = BUILT_PRODUCTS_DIR; };
		891B306A2828204C002CEA82 /* AppDelegate.swift */ = {isa = PBXFileReference; lastKnownFileType = sourcecode.swift; path = AppDelegate.swift; sourceTree = "<group>"; };
		891B306C2828204C002CEA82 /* SceneDelegate.swift */ = {isa = PBXFileReference; lastKnownFileType = sourcecode.swift; path = SceneDelegate.swift; sourceTree = "<group>"; };
		891B307328282051002CEA82 /* Assets.xcassets */ = {isa = PBXFileReference; lastKnownFileType = folder.assetcatalog; path = Assets.xcassets; sourceTree = "<group>"; };
		891B307628282051002CEA82 /* Base */ = {isa = PBXFileReference; lastKnownFileType = file.storyboard; name = Base; path = Base.lproj/LaunchScreen.storyboard; sourceTree = "<group>"; };
		891B307828282051002CEA82 /* Info.plist */ = {isa = PBXFileReference; lastKnownFileType = text.plist.xml; path = Info.plist; sourceTree = "<group>"; };
		891B308B282821A4002CEA82 /* GottaGoFastDriver.app */ = {isa = PBXFileReference; explicitFileType = wrapper.application; includeInIndex = 0; path = GottaGoFastDriver.app; sourceTree = BUILT_PRODUCTS_DIR; };
		891B308C282821A4002CEA82 /* GottaGoFastDriver-Info.plist */ = {isa = PBXFileReference; lastKnownFileType = text.plist.xml; name = "GottaGoFastDriver-Info.plist"; path = "/Users/irynahorbachova/Desktop/диплом/GottaGoFast/GottaGoFastDriver-Info.plist"; sourceTree = "<absolute>"; };
		898B9B152828684F007DAE4F /* Token.swift */ = {isa = PBXFileReference; lastKnownFileType = sourcecode.swift; path = Token.swift; sourceTree = "<group>"; };
		898B9B18282868B6007DAE4F /* User.swift */ = {isa = PBXFileReference; lastKnownFileType = sourcecode.swift; path = User.swift; sourceTree = "<group>"; };
		898B9B1B2828719D007DAE4F /* Driver.swift */ = {isa = PBXFileReference; lastKnownFileType = sourcecode.swift; path = Driver.swift; sourceTree = "<group>"; };
		898B9B1E282871CC007DAE4F /* Client.swift */ = {isa = PBXFileReference; lastKnownFileType = sourcecode.swift; path = Client.swift; sourceTree = "<group>"; };
		898B9B21282871F5007DAE4F /* Vehicle.swift */ = {isa = PBXFileReference; lastKnownFileType = sourcecode.swift; path = Vehicle.swift; sourceTree = "<group>"; };
		898B9B24282872D2007DAE4F /* RideRequest.swift */ = {isa = PBXFileReference; lastKnownFileType = sourcecode.swift; path = RideRequest.swift; sourceTree = "<group>"; };
		898B9B2728287376007DAE4F /* DesignatedRide.swift */ = {isa = PBXFileReference; lastKnownFileType = sourcecode.swift; path = DesignatedRide.swift; sourceTree = "<group>"; };
		898B9B2C2828753E007DAE4F /* HTTPMethod.swift */ = {isa = PBXFileReference; lastKnownFileType = sourcecode.swift; path = HTTPMethod.swift; sourceTree = "<group>"; };
		898B9B2F2828762C007DAE4F /* NetworkingError.swift */ = {isa = PBXFileReference; lastKnownFileType = sourcecode.swift; path = NetworkingError.swift; sourceTree = "<group>"; };
		898B9B3728287655007DAE4F /* en */ = {isa = PBXFileReference; lastKnownFileType = text.plist.strings; name = en; path = en.lproj/Localizable.strings; sourceTree = "<group>"; };
		898B9B3B28287749007DAE4F /* String+Extensions.swift */ = {isa = PBXFileReference; lastKnownFileType = sourcecode.swift; path = "String+Extensions.swift"; sourceTree = "<group>"; };
		898B9B3E282877B3007DAE4F /* NetworkingProvider.swift */ = {isa = PBXFileReference; lastKnownFileType = sourcecode.swift; path = NetworkingProvider.swift; sourceTree = "<group>"; };
		898B9B41282877F0007DAE4F /* EndpointType.swift */ = {isa = PBXFileReference; lastKnownFileType = sourcecode.swift; path = EndpointType.swift; sourceTree = "<group>"; };
		898B9B45282879CC007DAE4F /* AuthenticationManager.swift */ = {isa = PBXFileReference; lastKnownFileType = sourcecode.swift; path = AuthenticationManager.swift; sourceTree = "<group>"; };
		898B9B4928287C06007DAE4F /* DataEncoder.swift */ = {isa = PBXFileReference; lastKnownFileType = sourcecode.swift; path = DataEncoder.swift; sourceTree = "<group>"; };
		898B9B4C28287C87007DAE4F /* DataDecoder.swift */ = {isa = PBXFileReference; lastKnownFileType = sourcecode.swift; path = DataDecoder.swift; sourceTree = "<group>"; };
		898B9B4F282902A3007DAE4F /* NetworkingService.swift */ = {isa = PBXFileReference; lastKnownFileType = sourcecode.swift; path = NetworkingService.swift; sourceTree = "<group>"; };
		898B9B542829049C007DAE4F /* AuthenticationEndpoint.swift */ = {isa = PBXFileReference; lastKnownFileType = sourcecode.swift; path = AuthenticationEndpoint.swift; sourceTree = "<group>"; };
		898B9B57282909BC007DAE4F /* AuthenticationServiceType.swift */ = {isa = PBXFileReference; lastKnownFileType = sourcecode.swift; path = AuthenticationServiceType.swift; sourceTree = "<group>"; };
		898B9B5A2829C29A007DAE4F /* EmptyResult.swift */ = {isa = PBXFileReference; lastKnownFileType = sourcecode.swift; path = EmptyResult.swift; sourceTree = "<group>"; };
		898B9B5D2829C343007DAE4F /* AuthenticationService.swift */ = {isa = PBXFileReference; lastKnownFileType = sourcecode.swift; path = AuthenticationService.swift; sourceTree = "<group>"; };
		898B9B602829CD09007DAE4F /* MobilityEndpoint.swift */ = {isa = PBXFileReference; lastKnownFileType = sourcecode.swift; path = MobilityEndpoint.swift; sourceTree = "<group>"; };
		898B9B632829D14F007DAE4F /* MobilityServiceType.swift */ = {isa = PBXFileReference; lastKnownFileType = sourcecode.swift; path = MobilityServiceType.swift; sourceTree = "<group>"; };
		898B9B662829D20D007DAE4F /* Geotag.swift */ = {isa = PBXFileReference; lastKnownFileType = sourcecode.swift; path = Geotag.swift; sourceTree = "<group>"; };
		898B9B692829D29D007DAE4F /* MobilityService.swift */ = {isa = PBXFileReference; lastKnownFileType = sourcecode.swift; path = MobilityService.swift; sourceTree = "<group>"; };
		898B9B702829D7A7007DAE4F /* SecureStorageManager.swift */ = {isa = PBXFileReference; lastKnownFileType = sourcecode.swift; path = SecureStorageManager.swift; sourceTree = "<group>"; };
		898B9B7A282ABCA7007DAE4F /* TargetType.swift */ = {isa = PBXFileReference; lastKnownFileType = sourcecode.swift; path = TargetType.swift; sourceTree = "<group>"; };
		898B9B7E282ABE57007DAE4F /* SignInViewController.swift */ = {isa = PBXFileReference; lastKnownFileType = sourcecode.swift; path = SignInViewController.swift; sourceTree = "<group>"; };
		898B9B7F282ABE57007DAE4F /* SignInViewController.xib */ = {isa = PBXFileReference; lastKnownFileType = file.xib; path = SignInViewController.xib; sourceTree = "<group>"; };
		898B9B88282AC854007DAE4F /* AppModeManager.swift */ = {isa = PBXFileReference; lastKnownFileType = sourcecode.swift; path = AppModeManager.swift; sourceTree = "<group>"; };
		898B9B8C282ACD79007DAE4F /* SignInViewModel.swift */ = {isa = PBXFileReference; lastKnownFileType = sourcecode.swift; path = SignInViewModel.swift; sourceTree = "<group>"; };
		898B9B8F282ACE23007DAE4F /* Validator.swift */ = {isa = PBXFileReference; lastKnownFileType = sourcecode.swift; path = Validator.swift; sourceTree = "<group>"; };
		898B9B92282AD364007DAE4F /* XIBLocalizable.swift */ = {isa = PBXFileReference; lastKnownFileType = sourcecode.swift; path = XIBLocalizable.swift; sourceTree = "<group>"; };
		898B9B97282ADA66007DAE4F /* UIAlertController+Extensions.swift */ = {isa = PBXFileReference; lastKnownFileType = sourcecode.swift; path = "UIAlertController+Extensions.swift"; sourceTree = "<group>"; };
		898B9B9A282B976A007DAE4F /* SignUpClientViewController.swift */ = {isa = PBXFileReference; lastKnownFileType = sourcecode.swift; path = SignUpClientViewController.swift; sourceTree = "<group>"; };
		898B9B9B282B976A007DAE4F /* SignUpClientViewController.xib */ = {isa = PBXFileReference; lastKnownFileType = file.xib; path = SignUpClientViewController.xib; sourceTree = "<group>"; };
		898B9B9E282B9782007DAE4F /* SignUpDriverViewController.swift */ = {isa = PBXFileReference; lastKnownFileType = sourcecode.swift; path = SignUpDriverViewController.swift; sourceTree = "<group>"; };
		898B9B9F282B9782007DAE4F /* SignUpDriverViewController.xib */ = {isa = PBXFileReference; lastKnownFileType = file.xib; path = SignUpDriverViewController.xib; sourceTree = "<group>"; };
		898B9BA3282C123B007DAE4F /* SignUpClientViewModel.swift */ = {isa = PBXFileReference; lastKnownFileType = sourcecode.swift; path = SignUpClientViewModel.swift; sourceTree = "<group>"; };
		898B9BA6282C1422007DAE4F /* ClientRegistration.swift */ = {isa = PBXFileReference; lastKnownFileType = sourcecode.swift; path = ClientRegistration.swift; sourceTree = "<group>"; };
		898B9BAF282C51A4007DAE4F /* SignUpDriverViewModel.swift */ = {isa = PBXFileReference; lastKnownFileType = sourcecode.swift; path = SignUpDriverViewModel.swift; sourceTree = "<group>"; };
		898B9BB2282C51EC007DAE4F /* UserRegistration.swift */ = {isa = PBXFileReference; lastKnownFileType = sourcecode.swift; path = UserRegistration.swift; sourceTree = "<group>"; };
		898B9BB5282C5202007DAE4F /* DriverRegistration.swift */ = {isa = PBXFileReference; lastKnownFileType = sourcecode.swift; path = DriverRegistration.swift; sourceTree = "<group>"; };
		898B9BB8282CE8EC007DAE4F /* ClientTabBarController.swift */ = {isa = PBXFileReference; lastKnownFileType = sourcecode.swift; path = ClientTabBarController.swift; sourceTree = "<group>"; };
		898B9BBF282CE95B007DAE4F /* ClientProfileViewController.swift */ = {isa = PBXFileReference; lastKnownFileType = sourcecode.swift; path = ClientProfileViewController.swift; sourceTree = "<group>"; };
		898B9BC0282CE95B007DAE4F /* ClientProfileViewController.xib */ = {isa = PBXFileReference; lastKnownFileType = file.xib; path = ClientProfileViewController.xib; sourceTree = "<group>"; };
		898B9BC5282CE973007DAE4F /* ClientMainViewController.swift */ = {isa = PBXFileReference; lastKnownFileType = sourcecode.swift; path = ClientMainViewController.swift; sourceTree = "<group>"; };
		898B9BC6282CE973007DAE4F /* ClientMainViewController.xib */ = {isa = PBXFileReference; lastKnownFileType = file.xib; path = ClientMainViewController.xib; sourceTree = "<group>"; };
		898B9BCB282CE99D007DAE4F /* DriverTabBarController.swift */ = {isa = PBXFileReference; lastKnownFileType = sourcecode.swift; path = DriverTabBarController.swift; sourceTree = "<group>"; };
		898B9BCE282CEA60007DAE4F /* DriverMainViewController.swift */ = {isa = PBXFileReference; lastKnownFileType = sourcecode.swift; path = DriverMainViewController.swift; sourceTree = "<group>"; };
		898B9BCF282CEA60007DAE4F /* DriverMainViewController.xib */ = {isa = PBXFileReference; lastKnownFileType = file.xib; path = DriverMainViewController.xib; sourceTree = "<group>"; };
		898B9BD4282CEA71007DAE4F /* DriverProfileViewController.swift */ = {isa = PBXFileReference; lastKnownFileType = sourcecode.swift; path = DriverProfileViewController.swift; sourceTree = "<group>"; };
		898B9BD5282CEA71007DAE4F /* DriverProfileViewController.xib */ = {isa = PBXFileReference; lastKnownFileType = file.xib; path = DriverProfileViewController.xib; sourceTree = "<group>"; };
		898B9BDA282CFC46007DAE4F /* UIViewController+Extensions.swift */ = {isa = PBXFileReference; lastKnownFileType = sourcecode.swift; path = "UIViewController+Extensions.swift"; sourceTree = "<group>"; };
		898B9BDD282D0F98007DAE4F /* ClientProfileViewModel.swift */ = {isa = PBXFileReference; lastKnownFileType = sourcecode.swift; path = ClientProfileViewModel.swift; sourceTree = "<group>"; };
		898B9BE0282D356D007DAE4F /* DriverProfileViewModel.swift */ = {isa = PBXFileReference; lastKnownFileType = sourcecode.swift; path = DriverProfileViewModel.swift; sourceTree = "<group>"; };
		898B9BE9282EDFF1007DAE4F /* ClientMainViewModel.swift */ = {isa = PBXFileReference; lastKnownFileType = sourcecode.swift; path = ClientMainViewModel.swift; sourceTree = "<group>"; };
/* End PBXFileReference section */

/* Begin PBXFrameworksBuildPhase section */
		891B30642828204C002CEA82 /* Frameworks */ = {
			isa = PBXFrameworksBuildPhase;
			buildActionMask = 2147483647;
			files = (
			);
			runOnlyForDeploymentPostprocessing = 0;
		};
		891B3083282821A4002CEA82 /* Frameworks */ = {
			isa = PBXFrameworksBuildPhase;
			buildActionMask = 2147483647;
			files = (
			);
			runOnlyForDeploymentPostprocessing = 0;
		};
/* End PBXFrameworksBuildPhase section */

/* Begin PBXGroup section */
		891B305E2828204C002CEA82 = {
			isa = PBXGroup;
			children = (
				891B30692828204C002CEA82 /* GottaGoFast */,
				891B30682828204C002CEA82 /* Products */,
				891B308C282821A4002CEA82 /* GottaGoFastDriver-Info.plist */,
			);
			sourceTree = "<group>";
		};
		891B30682828204C002CEA82 /* Products */ = {
			isa = PBXGroup;
			children = (
				891B30672828204C002CEA82 /* GottaGoFastClient.app */,
				891B308B282821A4002CEA82 /* GottaGoFastDriver.app */,
			);
			name = Products;
			sourceTree = "<group>";
		};
		891B30692828204C002CEA82 /* GottaGoFast */ = {
			isa = PBXGroup;
			children = (
				891B309128283FE9002CEA82 /* Shared */,
				891B309028283FE2002CEA82 /* Client */,
				891B308F28283FD9002CEA82 /* Driver */,
				891B307328282051002CEA82 /* Assets.xcassets */,
				891B307528282051002CEA82 /* LaunchScreen.storyboard */,
				891B307828282051002CEA82 /* Info.plist */,
			);
			path = GottaGoFast;
			sourceTree = "<group>";
		};
		891B308F28283FD9002CEA82 /* Driver */ = {
			isa = PBXGroup;
			children = (
				898B9B78282A6B65007DAE4F /* Interface */,
			);
			path = Driver;
			sourceTree = "<group>";
		};
		891B309028283FE2002CEA82 /* Client */ = {
			isa = PBXGroup;
			children = (
				898B9B77282A6B5F007DAE4F /* Interface */,
			);
			path = Client;
			sourceTree = "<group>";
		};
		891B309128283FE9002CEA82 /* Shared */ = {
			isa = PBXGroup;
			children = (
				898B9B95282AD4BC007DAE4F /* App */,
				898B9B79282A6B6C007DAE4F /* Interface */,
				898B9B6C2829D693007DAE4F /* Storage */,
				898B9B44282879B0007DAE4F /* Authentication */,
				898B9B3A2828773A007DAE4F /* Utilities */,
				898B9B3928287690007DAE4F /* Resources */,
				898B9B2A28287441007DAE4F /* Networking */,
				898B9B142828681B007DAE4F /* Model */,
			);
			path = Shared;
			sourceTree = "<group>";
		};
		898B9B142828681B007DAE4F /* Model */ = {
			isa = PBXGroup;
			children = (
				898B9B152828684F007DAE4F /* Token.swift */,
				898B9B18282868B6007DAE4F /* User.swift */,
				898B9B1B2828719D007DAE4F /* Driver.swift */,
				898B9B1E282871CC007DAE4F /* Client.swift */,
				898B9B21282871F5007DAE4F /* Vehicle.swift */,
				898B9B24282872D2007DAE4F /* RideRequest.swift */,
				898B9B2728287376007DAE4F /* DesignatedRide.swift */,
				898B9B5A2829C29A007DAE4F /* EmptyResult.swift */,
				898B9B662829D20D007DAE4F /* Geotag.swift */,
				898B9B7A282ABCA7007DAE4F /* TargetType.swift */,
				898B9BA6282C1422007DAE4F /* ClientRegistration.swift */,
				898B9BB2282C51EC007DAE4F /* UserRegistration.swift */,
				898B9BB5282C5202007DAE4F /* DriverRegistration.swift */,
			);
			path = Model;
			sourceTree = "<group>";
		};
		898B9B2A28287441007DAE4F /* Networking */ = {
			isa = PBXGroup;
			children = (
				898B9B53282903B8007DAE4F /* Services */,
				898B9B52282903A1007DAE4F /* Endpoints */,
				898B9B2B28287530007DAE4F /* Core */,
			);
			path = Networking;
			sourceTree = "<group>";
		};
		898B9B2B28287530007DAE4F /* Core */ = {
			isa = PBXGroup;
			children = (
				898B9B4828287B91007DAE4F /* Encoding */,
				898B9B2C2828753E007DAE4F /* HTTPMethod.swift */,
				898B9B2F2828762C007DAE4F /* NetworkingError.swift */,
				898B9B3E282877B3007DAE4F /* NetworkingProvider.swift */,
				898B9B41282877F0007DAE4F /* EndpointType.swift */,
				898B9B4F282902A3007DAE4F /* NetworkingService.swift */,
			);
			path = Core;
			sourceTree = "<group>";
		};
		898B9B3928287690007DAE4F /* Resources */ = {
			isa = PBXGroup;
			children = (
				898B9B3828287655007DAE4F /* Localizable.strings */,
			);
			path = Resources;
			sourceTree = "<group>";
		};
		898B9B3A2828773A007DAE4F /* Utilities */ = {
			isa = PBXGroup;
			children = (
				898B9B3B28287749007DAE4F /* String+Extensions.swift */,
				898B9B8F282ACE23007DAE4F /* Validator.swift */,
				898B9B92282AD364007DAE4F /* XIBLocalizable.swift */,
			);
			path = Utilities;
			sourceTree = "<group>";
		};
		898B9B44282879B0007DAE4F /* Authentication */ = {
			isa = PBXGroup;
			children = (
				898B9B45282879CC007DAE4F /* AuthenticationManager.swift */,
			);
			path = Authentication;
			sourceTree = "<group>";
		};
		898B9B4828287B91007DAE4F /* Encoding */ = {
			isa = PBXGroup;
			children = (
				898B9B4928287C06007DAE4F /* DataEncoder.swift */,
				898B9B4C28287C87007DAE4F /* DataDecoder.swift */,
			);
			path = Encoding;
			sourceTree = "<group>";
		};
		898B9B52282903A1007DAE4F /* Endpoints */ = {
			isa = PBXGroup;
			children = (
				898B9B542829049C007DAE4F /* AuthenticationEndpoint.swift */,
				898B9B602829CD09007DAE4F /* MobilityEndpoint.swift */,
			);
			path = Endpoints;
			sourceTree = "<group>";
		};
		898B9B53282903B8007DAE4F /* Services */ = {
			isa = PBXGroup;
			children = (
				898B9B57282909BC007DAE4F /* AuthenticationServiceType.swift */,
				898B9B5D2829C343007DAE4F /* AuthenticationService.swift */,
				898B9B632829D14F007DAE4F /* MobilityServiceType.swift */,
				898B9B692829D29D007DAE4F /* MobilityService.swift */,
			);
			path = Services;
			sourceTree = "<group>";
		};
		898B9B6C2829D693007DAE4F /* Storage */ = {
			isa = PBXGroup;
			children = (
				898B9B702829D7A7007DAE4F /* SecureStorageManager.swift */,
				898B9B88282AC854007DAE4F /* AppModeManager.swift */,
			);
			path = Storage;
			sourceTree = "<group>";
		};
		898B9B77282A6B5F007DAE4F /* Interface */ = {
			isa = PBXGroup;
			children = (
				898B9BBC282CE92F007DAE4F /* Profile */,
				898B9BBB282CE922007DAE4F /* Ride */,
				898B9BA2282C121F007DAE4F /*  SignUp */,
				898B9BB8282CE8EC007DAE4F /* ClientTabBarController.swift */,
			);
			path = Interface;
			sourceTree = "<group>";
		};
		898B9B78282A6B65007DAE4F /* Interface */ = {
			isa = PBXGroup;
			children = (
				898B9BBE282CE93D007DAE4F /* Profile */,
				898B9BBD282CE937007DAE4F /* Ride */,
				898B9BAE282C518A007DAE4F /* SignUp */,
				898B9BCB282CE99D007DAE4F /* DriverTabBarController.swift */,
			);
			path = Interface;
			sourceTree = "<group>";
		};
		898B9B79282A6B6C007DAE4F /* Interface */ = {
			isa = PBXGroup;
			children = (
				898B9B96282ADA50007DAE4F /* UIElements */,
				898B9B8B282ACCCB007DAE4F /* SignIn */,
			);
			path = Interface;
			sourceTree = "<group>";
		};
		898B9B8B282ACCCB007DAE4F /* SignIn */ = {
			isa = PBXGroup;
			children = (
				898B9B7E282ABE57007DAE4F /* SignInViewController.swift */,
				898B9B7F282ABE57007DAE4F /* SignInViewController.xib */,
				898B9B8C282ACD79007DAE4F /* SignInViewModel.swift */,
			);
			path = SignIn;
			sourceTree = "<group>";
		};
		898B9B95282AD4BC007DAE4F /* App */ = {
			isa = PBXGroup;
			children = (
				891B306C2828204C002CEA82 /* SceneDelegate.swift */,
				891B306A2828204C002CEA82 /* AppDelegate.swift */,
			);
			path = App;
			sourceTree = "<group>";
		};
		898B9B96282ADA50007DAE4F /* UIElements */ = {
			isa = PBXGroup;
			children = (
				898B9B97282ADA66007DAE4F /* UIAlertController+Extensions.swift */,
				898B9BDA282CFC46007DAE4F /* UIViewController+Extensions.swift */,
			);
			path = UIElements;
			sourceTree = "<group>";
		};
		898B9BA2282C121F007DAE4F /*  SignUp */ = {
			isa = PBXGroup;
			children = (
				898B9B9B282B976A007DAE4F /* SignUpClientViewController.xib */,
				898B9B9A282B976A007DAE4F /* SignUpClientViewController.swift */,
				898B9BA3282C123B007DAE4F /* SignUpClientViewModel.swift */,
			);
			path = " SignUp";
			sourceTree = "<group>";
		};
		898B9BAE282C518A007DAE4F /* SignUp */ = {
			isa = PBXGroup;
			children = (
				898B9B9F282B9782007DAE4F /* SignUpDriverViewController.xib */,
				898B9B9E282B9782007DAE4F /* SignUpDriverViewController.swift */,
				898B9BAF282C51A4007DAE4F /* SignUpDriverViewModel.swift */,
			);
			path = SignUp;
			sourceTree = "<group>";
		};
		898B9BBB282CE922007DAE4F /* Ride */ = {
			isa = PBXGroup;
			children = (
				898B9BC5282CE973007DAE4F /* ClientMainViewController.swift */,
				898B9BC6282CE973007DAE4F /* ClientMainViewController.xib */,
				898B9BE9282EDFF1007DAE4F /* ClientMainViewModel.swift */,
			);
			path = Ride;
			sourceTree = "<group>";
		};
		898B9BBC282CE92F007DAE4F /* Profile */ = {
			isa = PBXGroup;
			children = (
				898B9BBF282CE95B007DAE4F /* ClientProfileViewController.swift */,
				898B9BC0282CE95B007DAE4F /* ClientProfileViewController.xib */,
				898B9BDD282D0F98007DAE4F /* ClientProfileViewModel.swift */,
			);
			path = Profile;
			sourceTree = "<group>";
		};
		898B9BBD282CE937007DAE4F /* Ride */ = {
			isa = PBXGroup;
			children = (
				898B9BCE282CEA60007DAE4F /* DriverMainViewController.swift */,
				898B9BCF282CEA60007DAE4F /* DriverMainViewController.xib */,
			);
			path = Ride;
			sourceTree = "<group>";
		};
		898B9BBE282CE93D007DAE4F /* Profile */ = {
			isa = PBXGroup;
			children = (
				898B9BD4282CEA71007DAE4F /* DriverProfileViewController.swift */,
				898B9BD5282CEA71007DAE4F /* DriverProfileViewController.xib */,
				898B9BE0282D356D007DAE4F /* DriverProfileViewModel.swift */,
			);
			path = Profile;
			sourceTree = "<group>";
		};
/* End PBXGroup section */

/* Begin PBXNativeTarget section */
		891B30662828204C002CEA82 /* GottaGoFastClient */ = {
			isa = PBXNativeTarget;
			buildConfigurationList = 891B307B28282051002CEA82 /* Build configuration list for PBXNativeTarget "GottaGoFastClient" */;
			buildPhases = (
				891B30632828204C002CEA82 /* Sources */,
				891B30642828204C002CEA82 /* Frameworks */,
				891B30652828204C002CEA82 /* Resources */,
			);
			buildRules = (
			);
			dependencies = (
			);
			name = GottaGoFastClient;
			productName = GottaGoFast;
			productReference = 891B30672828204C002CEA82 /* GottaGoFastClient.app */;
			productType = "com.apple.product-type.application";
		};
		891B307E282821A4002CEA82 /* GottaGoFastDriver */ = {
			isa = PBXNativeTarget;
			buildConfigurationList = 891B3088282821A4002CEA82 /* Build configuration list for PBXNativeTarget "GottaGoFastDriver" */;
			buildPhases = (
				891B307F282821A4002CEA82 /* Sources */,
				891B3083282821A4002CEA82 /* Frameworks */,
				891B3084282821A4002CEA82 /* Resources */,
			);
			buildRules = (
			);
			dependencies = (
			);
			name = GottaGoFastDriver;
			productName = GottaGoFast;
			productReference = 891B308B282821A4002CEA82 /* GottaGoFastDriver.app */;
			productType = "com.apple.product-type.application";
		};
/* End PBXNativeTarget section */

/* Begin PBXProject section */
		891B305F2828204C002CEA82 /* Project object */ = {
			isa = PBXProject;
			attributes = {
				BuildIndependentTargetsInParallel = 1;
				LastSwiftUpdateCheck = 1330;
				LastUpgradeCheck = 1330;
				TargetAttributes = {
					891B30662828204C002CEA82 = {
						CreatedOnToolsVersion = 13.3.1;
					};
				};
			};
			buildConfigurationList = 891B30622828204C002CEA82 /* Build configuration list for PBXProject "GottaGoFast" */;
			compatibilityVersion = "Xcode 13.0";
			developmentRegion = en;
			hasScannedForEncodings = 0;
			knownRegions = (
				en,
				Base,
			);
			mainGroup = 891B305E2828204C002CEA82;
			productRefGroup = 891B30682828204C002CEA82 /* Products */;
			projectDirPath = "";
			projectRoot = "";
			targets = (
				891B30662828204C002CEA82 /* GottaGoFastClient */,
				891B307E282821A4002CEA82 /* GottaGoFastDriver */,
			);
		};
/* End PBXProject section */

/* Begin PBXResourcesBuildPhase section */
		891B30652828204C002CEA82 /* Resources */ = {
			isa = PBXResourcesBuildPhase;
			buildActionMask = 2147483647;
			files = (
				898B9B82282ABE57007DAE4F /* SignInViewController.xib in Resources */,
				898B9BD8282CEA71007DAE4F /* DriverProfileViewController.xib in Resources */,
				898B9BC3282CE95B007DAE4F /* ClientProfileViewController.xib in Resources */,
				891B307728282051002CEA82 /* LaunchScreen.storyboard in Resources */,
				898B9B3528287655007DAE4F /* Localizable.strings in Resources */,
				898B9B9D282B976A007DAE4F /* SignUpClientViewController.xib in Resources */,
				898B9BD2282CEA60007DAE4F /* DriverMainViewController.xib in Resources */,
				898B9BC9282CE973007DAE4F /* ClientMainViewController.xib in Resources */,
				891B307428282051002CEA82 /* Assets.xcassets in Resources */,
			);
			runOnlyForDeploymentPostprocessing = 0;
		};
		891B3084282821A4002CEA82 /* Resources */ = {
			isa = PBXResourcesBuildPhase;
			buildActionMask = 2147483647;
			files = (
				898B9BA1282B9782007DAE4F /* SignUpDriverViewController.xib in Resources */,
				898B9BD9282CEA71007DAE4F /* DriverProfileViewController.xib in Resources */,
				898B9BC4282CE95B007DAE4F /* ClientProfileViewController.xib in Resources */,
				898B9B3628287655007DAE4F /* Localizable.strings in Resources */,
				891B3085282821A4002CEA82 /* LaunchScreen.storyboard in Resources */,
				891B3086282821A4002CEA82 /* Assets.xcassets in Resources */,
				898B9BD3282CEA60007DAE4F /* DriverMainViewController.xib in Resources */,
				898B9BCA282CE973007DAE4F /* ClientMainViewController.xib in Resources */,
				898B9B83282ABE57007DAE4F /* SignInViewController.xib in Resources */,
			);
			runOnlyForDeploymentPostprocessing = 0;
		};
/* End PBXResourcesBuildPhase section */

/* Begin PBXSourcesBuildPhase section */
		891B30632828204C002CEA82 /* Sources */ = {
			isa = PBXSourcesBuildPhase;
			buildActionMask = 2147483647;
			files = (
				898B9B552829049C007DAE4F /* AuthenticationEndpoint.swift in Sources */,
				898B9B22282871F5007DAE4F /* Vehicle.swift in Sources */,
				898B9BE1282D356D007DAE4F /* DriverProfileViewModel.swift in Sources */,
				898B9B58282909BC007DAE4F /* AuthenticationServiceType.swift in Sources */,
				898B9BA5282C128C007DAE4F /* SignUpClientViewModel.swift in Sources */,
				898B9B7B282ABCA7007DAE4F /* TargetType.swift in Sources */,
				898B9B612829CD09007DAE4F /* MobilityEndpoint.swift in Sources */,
				898B9B46282879CC007DAE4F /* AuthenticationManager.swift in Sources */,
				898B9B3C28287749007DAE4F /* String+Extensions.swift in Sources */,
				898B9BB6282C5202007DAE4F /* DriverRegistration.swift in Sources */,
				898B9B93282AD364007DAE4F /* XIBLocalizable.swift in Sources */,
				898B9B25282872D2007DAE4F /* RideRequest.swift in Sources */,
				898B9B8D282ACD79007DAE4F /* SignInViewModel.swift in Sources */,
				898B9BB9282CE8EC007DAE4F /* ClientTabBarController.swift in Sources */,
				898B9BB3282C51EC007DAE4F /* UserRegistration.swift in Sources */,
				898B9B80282ABE57007DAE4F /* SignInViewController.swift in Sources */,
				898B9BCC282CE99D007DAE4F /* DriverTabBarController.swift in Sources */,
				898B9BC1282CE95B007DAE4F /* ClientProfileViewController.swift in Sources */,
				898B9BD0282CEA60007DAE4F /* DriverMainViewController.swift in Sources */,
				898B9B672829D20D007DAE4F /* Geotag.swift in Sources */,
				898B9B90282ACE23007DAE4F /* Validator.swift in Sources */,
				898B9B2D2828753E007DAE4F /* HTTPMethod.swift in Sources */,
				898B9B6A2829D29D007DAE4F /* MobilityService.swift in Sources */,
				898B9B42282877F0007DAE4F /* EndpointType.swift in Sources */,
				898B9B1F282871CC007DAE4F /* Client.swift in Sources */,
				891B306B2828204C002CEA82 /* AppDelegate.swift in Sources */,
				898B9B89282AC854007DAE4F /* AppModeManager.swift in Sources */,
				898B9BB0282C51A4007DAE4F /* SignUpDriverViewModel.swift in Sources */,
				891B306D2828204C002CEA82 /* SceneDelegate.swift in Sources */,
				898B9BDB282CFC46007DAE4F /* UIViewController+Extensions.swift in Sources */,
				898B9B5B2829C29A007DAE4F /* EmptyResult.swift in Sources */,
				898B9BA9282C4F76007DAE4F /* SignUpDriverViewController.swift in Sources */,
				898B9BA7282C1422007DAE4F /* ClientRegistration.swift in Sources */,
				898B9B3F282877B3007DAE4F /* NetworkingProvider.swift in Sources */,
				898B9BEA282EDFF2007DAE4F /* ClientMainViewModel.swift in Sources */,
				898B9B1C2828719D007DAE4F /* Driver.swift in Sources */,
				898B9B4D28287C87007DAE4F /* DataDecoder.swift in Sources */,
				898B9B98282ADA66007DAE4F /* UIAlertController+Extensions.swift in Sources */,
				898B9B2828287376007DAE4F /* DesignatedRide.swift in Sources */,
				898B9B712829D7A7007DAE4F /* SecureStorageManager.swift in Sources */,
				898B9B19282868B6007DAE4F /* User.swift in Sources */,
				898B9B50282902A3007DAE4F /* NetworkingService.swift in Sources */,
				898B9BDE282D0F98007DAE4F /* ClientProfileViewModel.swift in Sources */,
				898B9B4A28287C06007DAE4F /* DataEncoder.swift in Sources */,
				898B9B642829D14F007DAE4F /* MobilityServiceType.swift in Sources */,
				898B9BD6282CEA71007DAE4F /* DriverProfileViewController.swift in Sources */,
				898B9B302828762C007DAE4F /* NetworkingError.swift in Sources */,
				898B9BC7282CE973007DAE4F /* ClientMainViewController.swift in Sources */,
				898B9B162828684F007DAE4F /* Token.swift in Sources */,
				898B9B9C282B976A007DAE4F /* SignUpClientViewController.swift in Sources */,
				898B9B5E2829C343007DAE4F /* AuthenticationService.swift in Sources */,
			);
			runOnlyForDeploymentPostprocessing = 0;
		};
		891B307F282821A4002CEA82 /* Sources */ = {
			isa = PBXSourcesBuildPhase;
			buildActionMask = 2147483647;
			files = (
				898B9B562829049C007DAE4F /* AuthenticationEndpoint.swift in Sources */,
				898B9B23282871F5007DAE4F /* Vehicle.swift in Sources */,
				898B9BE2282D356D007DAE4F /* DriverProfileViewModel.swift in Sources */,
				898B9B59282909BC007DAE4F /* AuthenticationServiceType.swift in Sources */,
				898B9B7C282ABCA7007DAE4F /* TargetType.swift in Sources */,
				898B9B622829CD09007DAE4F /* MobilityEndpoint.swift in Sources */,
				898B9BAD282C5120007DAE4F /* SignUpClientViewModel.swift in Sources */,
				898B9B47282879CC007DAE4F /* AuthenticationManager.swift in Sources */,
				898B9B3D28287749007DAE4F /* String+Extensions.swift in Sources */,
				898B9BB7282C5202007DAE4F /* DriverRegistration.swift in Sources */,
				898B9B94282AD364007DAE4F /* XIBLocalizable.swift in Sources */,
				898B9B26282872D2007DAE4F /* RideRequest.swift in Sources */,
				898B9B81282ABE57007DAE4F /* SignInViewController.swift in Sources */,
				898B9BBA282CE8EC007DAE4F /* ClientTabBarController.swift in Sources */,
				898B9BB4282C51EC007DAE4F /* UserRegistration.swift in Sources */,
				898B9B682829D20D007DAE4F /* Geotag.swift in Sources */,
				898B9BCD282CE99D007DAE4F /* DriverTabBarController.swift in Sources */,
				898B9BC2282CE95B007DAE4F /* ClientProfileViewController.swift in Sources */,
				898B9BD1282CEA60007DAE4F /* DriverMainViewController.swift in Sources */,
				898B9B91282ACE23007DAE4F /* Validator.swift in Sources */,
				898B9B2E2828753E007DAE4F /* HTTPMethod.swift in Sources */,
				898B9B6B2829D29D007DAE4F /* MobilityService.swift in Sources */,
				898B9BAB282C510B007DAE4F /* SignUpClientViewController.swift in Sources */,
				898B9B43282877F0007DAE4F /* EndpointType.swift in Sources */,
				898B9B20282871CC007DAE4F /* Client.swift in Sources */,
				891B3081282821A4002CEA82 /* AppDelegate.swift in Sources */,
				898B9B8A282AC854007DAE4F /* AppModeManager.swift in Sources */,
				898B9BB1282C51A4007DAE4F /* SignUpDriverViewModel.swift in Sources */,
				891B3082282821A4002CEA82 /* SceneDelegate.swift in Sources */,
				898B9BDC282CFC46007DAE4F /* UIViewController+Extensions.swift in Sources */,
				898B9B5C2829C29A007DAE4F /* EmptyResult.swift in Sources */,
				898B9B40282877B3007DAE4F /* NetworkingProvider.swift in Sources */,
				898B9BAC282C510E007DAE4F /* ClientRegistration.swift in Sources */,
				898B9B1D2828719D007DAE4F /* Driver.swift in Sources */,
				898B9BEB282EDFF2007DAE4F /* ClientMainViewModel.swift in Sources */,
				898B9B4E28287C87007DAE4F /* DataDecoder.swift in Sources */,
				898B9B99282ADA66007DAE4F /* UIAlertController+Extensions.swift in Sources */,
				898B9B2928287376007DAE4F /* DesignatedRide.swift in Sources */,
				898B9B722829D7A7007DAE4F /* SecureStorageManager.swift in Sources */,
				898B9B1A282868B6007DAE4F /* User.swift in Sources */,
				898B9B51282902A3007DAE4F /* NetworkingService.swift in Sources */,
				898B9B4B28287C06007DAE4F /* DataEncoder.swift in Sources */,
				898B9BDF282D0F98007DAE4F /* ClientProfileViewModel.swift in Sources */,
				898B9BA8282C1A11007DAE4F /* SignInViewModel.swift in Sources */,
				898B9B652829D14F007DAE4F /* MobilityServiceType.swift in Sources */,
				898B9BD7282CEA71007DAE4F /* DriverProfileViewController.swift in Sources */,
				898B9B312828762C007DAE4F /* NetworkingError.swift in Sources */,
				898B9BC8282CE973007DAE4F /* ClientMainViewController.swift in Sources */,
				898B9B172828684F007DAE4F /* Token.swift in Sources */,
				898B9BA0282B9782007DAE4F /* SignUpDriverViewController.swift in Sources */,
				898B9B5F2829C343007DAE4F /* AuthenticationService.swift in Sources */,
			);
			runOnlyForDeploymentPostprocessing = 0;
		};
/* End PBXSourcesBuildPhase section */

/* Begin PBXVariantGroup section */
		891B307528282051002CEA82 /* LaunchScreen.storyboard */ = {
			isa = PBXVariantGroup;
			children = (
				891B307628282051002CEA82 /* Base */,
			);
			name = LaunchScreen.storyboard;
			sourceTree = "<group>";
		};
		898B9B3828287655007DAE4F /* Localizable.strings */ = {
			isa = PBXVariantGroup;
			children = (
				898B9B3728287655007DAE4F /* en */,
			);
			name = Localizable.strings;
			sourceTree = "<group>";
		};
/* End PBXVariantGroup section */

/* Begin XCBuildConfiguration section */
		891B307928282051002CEA82 /* Debug */ = {
			isa = XCBuildConfiguration;
			buildSettings = {
				ALWAYS_SEARCH_USER_PATHS = NO;
				CLANG_ANALYZER_NONNULL = YES;
				CLANG_ANALYZER_NUMBER_OBJECT_CONVERSION = YES_AGGRESSIVE;
				CLANG_CXX_LANGUAGE_STANDARD = "gnu++17";
				CLANG_ENABLE_MODULES = YES;
				CLANG_ENABLE_OBJC_ARC = YES;
				CLANG_ENABLE_OBJC_WEAK = YES;
				CLANG_WARN_BLOCK_CAPTURE_AUTORELEASING = YES;
				CLANG_WARN_BOOL_CONVERSION = YES;
				CLANG_WARN_COMMA = YES;
				CLANG_WARN_CONSTANT_CONVERSION = YES;
				CLANG_WARN_DEPRECATED_OBJC_IMPLEMENTATIONS = YES;
				CLANG_WARN_DIRECT_OBJC_ISA_USAGE = YES_ERROR;
				CLANG_WARN_DOCUMENTATION_COMMENTS = YES;
				CLANG_WARN_EMPTY_BODY = YES;
				CLANG_WARN_ENUM_CONVERSION = YES;
				CLANG_WARN_INFINITE_RECURSION = YES;
				CLANG_WARN_INT_CONVERSION = YES;
				CLANG_WARN_NON_LITERAL_NULL_CONVERSION = YES;
				CLANG_WARN_OBJC_IMPLICIT_RETAIN_SELF = YES;
				CLANG_WARN_OBJC_LITERAL_CONVERSION = YES;
				CLANG_WARN_OBJC_ROOT_CLASS = YES_ERROR;
				CLANG_WARN_QUOTED_INCLUDE_IN_FRAMEWORK_HEADER = YES;
				CLANG_WARN_RANGE_LOOP_ANALYSIS = YES;
				CLANG_WARN_STRICT_PROTOTYPES = YES;
				CLANG_WARN_SUSPICIOUS_MOVE = YES;
				CLANG_WARN_UNGUARDED_AVAILABILITY = YES_AGGRESSIVE;
				CLANG_WARN_UNREACHABLE_CODE = YES;
				CLANG_WARN__DUPLICATE_METHOD_MATCH = YES;
				COPY_PHASE_STRIP = NO;
				DEBUG_INFORMATION_FORMAT = dwarf;
				ENABLE_STRICT_OBJC_MSGSEND = YES;
				ENABLE_TESTABILITY = YES;
				GCC_C_LANGUAGE_STANDARD = gnu11;
				GCC_DYNAMIC_NO_PIC = NO;
				GCC_NO_COMMON_BLOCKS = YES;
				GCC_OPTIMIZATION_LEVEL = 0;
				GCC_PREPROCESSOR_DEFINITIONS = (
					"DEBUG=1",
					"$(inherited)",
				);
				GCC_WARN_64_TO_32_BIT_CONVERSION = YES;
				GCC_WARN_ABOUT_RETURN_TYPE = YES_ERROR;
				GCC_WARN_UNDECLARED_SELECTOR = YES;
				GCC_WARN_UNINITIALIZED_AUTOS = YES_AGGRESSIVE;
				GCC_WARN_UNUSED_FUNCTION = YES;
				GCC_WARN_UNUSED_VARIABLE = YES;
				IPHONEOS_DEPLOYMENT_TARGET = 15.4;
				MTL_ENABLE_DEBUG_INFO = INCLUDE_SOURCE;
				MTL_FAST_MATH = YES;
				ONLY_ACTIVE_ARCH = YES;
				SDKROOT = iphoneos;
				SWIFT_ACTIVE_COMPILATION_CONDITIONS = DEBUG;
				SWIFT_OPTIMIZATION_LEVEL = "-Onone";
			};
			name = Debug;
		};
		891B307A28282051002CEA82 /* Release */ = {
			isa = XCBuildConfiguration;
			buildSettings = {
				ALWAYS_SEARCH_USER_PATHS = NO;
				CLANG_ANALYZER_NONNULL = YES;
				CLANG_ANALYZER_NUMBER_OBJECT_CONVERSION = YES_AGGRESSIVE;
				CLANG_CXX_LANGUAGE_STANDARD = "gnu++17";
				CLANG_ENABLE_MODULES = YES;
				CLANG_ENABLE_OBJC_ARC = YES;
				CLANG_ENABLE_OBJC_WEAK = YES;
				CLANG_WARN_BLOCK_CAPTURE_AUTORELEASING = YES;
				CLANG_WARN_BOOL_CONVERSION = YES;
				CLANG_WARN_COMMA = YES;
				CLANG_WARN_CONSTANT_CONVERSION = YES;
				CLANG_WARN_DEPRECATED_OBJC_IMPLEMENTATIONS = YES;
				CLANG_WARN_DIRECT_OBJC_ISA_USAGE = YES_ERROR;
				CLANG_WARN_DOCUMENTATION_COMMENTS = YES;
				CLANG_WARN_EMPTY_BODY = YES;
				CLANG_WARN_ENUM_CONVERSION = YES;
				CLANG_WARN_INFINITE_RECURSION = YES;
				CLANG_WARN_INT_CONVERSION = YES;
				CLANG_WARN_NON_LITERAL_NULL_CONVERSION = YES;
				CLANG_WARN_OBJC_IMPLICIT_RETAIN_SELF = YES;
				CLANG_WARN_OBJC_LITERAL_CONVERSION = YES;
				CLANG_WARN_OBJC_ROOT_CLASS = YES_ERROR;
				CLANG_WARN_QUOTED_INCLUDE_IN_FRAMEWORK_HEADER = YES;
				CLANG_WARN_RANGE_LOOP_ANALYSIS = YES;
				CLANG_WARN_STRICT_PROTOTYPES = YES;
				CLANG_WARN_SUSPICIOUS_MOVE = YES;
				CLANG_WARN_UNGUARDED_AVAILABILITY = YES_AGGRESSIVE;
				CLANG_WARN_UNREACHABLE_CODE = YES;
				CLANG_WARN__DUPLICATE_METHOD_MATCH = YES;
				COPY_PHASE_STRIP = NO;
				DEBUG_INFORMATION_FORMAT = "dwarf-with-dsym";
				ENABLE_NS_ASSERTIONS = NO;
				ENABLE_STRICT_OBJC_MSGSEND = YES;
				GCC_C_LANGUAGE_STANDARD = gnu11;
				GCC_NO_COMMON_BLOCKS = YES;
				GCC_WARN_64_TO_32_BIT_CONVERSION = YES;
				GCC_WARN_ABOUT_RETURN_TYPE = YES_ERROR;
				GCC_WARN_UNDECLARED_SELECTOR = YES;
				GCC_WARN_UNINITIALIZED_AUTOS = YES_AGGRESSIVE;
				GCC_WARN_UNUSED_FUNCTION = YES;
				GCC_WARN_UNUSED_VARIABLE = YES;
				IPHONEOS_DEPLOYMENT_TARGET = 15.4;
				MTL_ENABLE_DEBUG_INFO = NO;
				MTL_FAST_MATH = YES;
				SDKROOT = iphoneos;
				SWIFT_COMPILATION_MODE = wholemodule;
				SWIFT_OPTIMIZATION_LEVEL = "-O";
				VALIDATE_PRODUCT = YES;
			};
			name = Release;
		};
		891B307C28282051002CEA82 /* Debug */ = {
			isa = XCBuildConfiguration;
			buildSettings = {
				ASSETCATALOG_COMPILER_APPICON_NAME = AppIcon;
				ASSETCATALOG_COMPILER_GLOBAL_ACCENT_COLOR_NAME = AccentColor;
				CODE_SIGN_STYLE = Automatic;
				CURRENT_PROJECT_VERSION = 1;
				DEVELOPMENT_TEAM = UFGZF6CY79;
				GENERATE_INFOPLIST_FILE = YES;
				INFOPLIST_FILE = GottaGoFast/Info.plist;
				INFOPLIST_KEY_CFBundleDisplayName = GottaGoFastClient;
				INFOPLIST_KEY_UIApplicationSupportsIndirectInputEvents = YES;
				INFOPLIST_KEY_UILaunchStoryboardName = LaunchScreen;
				INFOPLIST_KEY_UISupportedInterfaceOrientations_iPad = "UIInterfaceOrientationPortrait UIInterfaceOrientationPortraitUpsideDown UIInterfaceOrientationLandscapeLeft UIInterfaceOrientationLandscapeRight";
				INFOPLIST_KEY_UISupportedInterfaceOrientations_iPhone = "UIInterfaceOrientationPortrait UIInterfaceOrientationLandscapeLeft UIInterfaceOrientationLandscapeRight";
				IPHONEOS_DEPLOYMENT_TARGET = 15.0;
				LD_RUNPATH_SEARCH_PATHS = (
					"$(inherited)",
					"@executable_path/Frameworks",
				);
				MARKETING_VERSION = 1.0;
				PRODUCT_BUNDLE_IDENTIFIER = irynahorbachova.GottaGoFast.client;
				PRODUCT_NAME = "$(TARGET_NAME)";
				SWIFT_EMIT_LOC_STRINGS = YES;
				SWIFT_VERSION = 5.0;
				TARGETED_DEVICE_FAMILY = "1,2";
			};
			name = Debug;
		};
		891B307D28282051002CEA82 /* Release */ = {
			isa = XCBuildConfiguration;
			buildSettings = {
				ASSETCATALOG_COMPILER_APPICON_NAME = AppIcon;
				ASSETCATALOG_COMPILER_GLOBAL_ACCENT_COLOR_NAME = AccentColor;
				CODE_SIGN_STYLE = Automatic;
				CURRENT_PROJECT_VERSION = 1;
				DEVELOPMENT_TEAM = UFGZF6CY79;
				GENERATE_INFOPLIST_FILE = YES;
				INFOPLIST_FILE = GottaGoFast/Info.plist;
				INFOPLIST_KEY_CFBundleDisplayName = GottaGoFastClient;
				INFOPLIST_KEY_UIApplicationSupportsIndirectInputEvents = YES;
				INFOPLIST_KEY_UILaunchStoryboardName = LaunchScreen;
				INFOPLIST_KEY_UISupportedInterfaceOrientations_iPad = "UIInterfaceOrientationPortrait UIInterfaceOrientationPortraitUpsideDown UIInterfaceOrientationLandscapeLeft UIInterfaceOrientationLandscapeRight";
				INFOPLIST_KEY_UISupportedInterfaceOrientations_iPhone = "UIInterfaceOrientationPortrait UIInterfaceOrientationLandscapeLeft UIInterfaceOrientationLandscapeRight";
				IPHONEOS_DEPLOYMENT_TARGET = 15.0;
				LD_RUNPATH_SEARCH_PATHS = (
					"$(inherited)",
					"@executable_path/Frameworks",
				);
				MARKETING_VERSION = 1.0;
				PRODUCT_BUNDLE_IDENTIFIER = irynahorbachova.GottaGoFast.client;
				PRODUCT_NAME = "$(TARGET_NAME)";
				SWIFT_EMIT_LOC_STRINGS = YES;
				SWIFT_VERSION = 5.0;
				TARGETED_DEVICE_FAMILY = "1,2";
			};
			name = Release;
		};
		891B3089282821A4002CEA82 /* Debug */ = {
			isa = XCBuildConfiguration;
			buildSettings = {
				ASSETCATALOG_COMPILER_APPICON_NAME = AppIcon;
				ASSETCATALOG_COMPILER_GLOBAL_ACCENT_COLOR_NAME = AccentColor;
				CODE_SIGN_STYLE = Automatic;
				CURRENT_PROJECT_VERSION = 1;
				DEVELOPMENT_TEAM = UFGZF6CY79;
				GENERATE_INFOPLIST_FILE = YES;
				INFOPLIST_FILE = "GottaGoFastDriver-Info.plist";
				INFOPLIST_KEY_CFBundleDisplayName = GottaGoFastDriver;
				INFOPLIST_KEY_UIApplicationSupportsIndirectInputEvents = YES;
				INFOPLIST_KEY_UILaunchStoryboardName = LaunchScreen;
				INFOPLIST_KEY_UISupportedInterfaceOrientations_iPad = "UIInterfaceOrientationPortrait UIInterfaceOrientationPortraitUpsideDown UIInterfaceOrientationLandscapeLeft UIInterfaceOrientationLandscapeRight";
				INFOPLIST_KEY_UISupportedInterfaceOrientations_iPhone = "UIInterfaceOrientationPortrait UIInterfaceOrientationLandscapeLeft UIInterfaceOrientationLandscapeRight";
				IPHONEOS_DEPLOYMENT_TARGET = 15.0;
				LD_RUNPATH_SEARCH_PATHS = (
					"$(inherited)",
					"@executable_path/Frameworks",
				);
				MARKETING_VERSION = 1.0;
				PRODUCT_BUNDLE_IDENTIFIER = irynahorbachova.GottaGoFast.driver;
				PRODUCT_NAME = "$(TARGET_NAME)";
				SWIFT_EMIT_LOC_STRINGS = YES;
				SWIFT_VERSION = 5.0;
				TARGETED_DEVICE_FAMILY = "1,2";
			};
			name = Debug;
		};
		891B308A282821A4002CEA82 /* Release */ = {
			isa = XCBuildConfiguration;
			buildSettings = {
				ASSETCATALOG_COMPILER_APPICON_NAME = AppIcon;
				ASSETCATALOG_COMPILER_GLOBAL_ACCENT_COLOR_NAME = AccentColor;
				CODE_SIGN_STYLE = Automatic;
				CURRENT_PROJECT_VERSION = 1;
				DEVELOPMENT_TEAM = UFGZF6CY79;
				GENERATE_INFOPLIST_FILE = YES;
				INFOPLIST_FILE = "GottaGoFastDriver-Info.plist";
				INFOPLIST_KEY_CFBundleDisplayName = GottaGoFastDriver;
				INFOPLIST_KEY_UIApplicationSupportsIndirectInputEvents = YES;
				INFOPLIST_KEY_UILaunchStoryboardName = LaunchScreen;
				INFOPLIST_KEY_UISupportedInterfaceOrientations_iPad = "UIInterfaceOrientationPortrait UIInterfaceOrientationPortraitUpsideDown UIInterfaceOrientationLandscapeLeft UIInterfaceOrientationLandscapeRight";
				INFOPLIST_KEY_UISupportedInterfaceOrientations_iPhone = "UIInterfaceOrientationPortrait UIInterfaceOrientationLandscapeLeft UIInterfaceOrientationLandscapeRight";
				IPHONEOS_DEPLOYMENT_TARGET = 15.0;
				LD_RUNPATH_SEARCH_PATHS = (
					"$(inherited)",
					"@executable_path/Frameworks",
				);
				MARKETING_VERSION = 1.0;
				PRODUCT_BUNDLE_IDENTIFIER = irynahorbachova.GottaGoFast.driver;
				PRODUCT_NAME = "$(TARGET_NAME)";
				SWIFT_EMIT_LOC_STRINGS = YES;
				SWIFT_VERSION = 5.0;
				TARGETED_DEVICE_FAMILY = "1,2";
			};
			name = Release;
		};
/* End XCBuildConfiguration section */

/* Begin XCConfigurationList section */
		891B30622828204C002CEA82 /* Build configuration list for PBXProject "GottaGoFast" */ = {
			isa = XCConfigurationList;
			buildConfigurations = (
				891B307928282051002CEA82 /* Debug */,
				891B307A28282051002CEA82 /* Release */,
			);
			defaultConfigurationIsVisible = 0;
			defaultConfigurationName = Release;
		};
		891B307B28282051002CEA82 /* Build configuration list for PBXNativeTarget "GottaGoFastClient" */ = {
			isa = XCConfigurationList;
			buildConfigurations = (
				891B307C28282051002CEA82 /* Debug */,
				891B307D28282051002CEA82 /* Release */,
			);
			defaultConfigurationIsVisible = 0;
			defaultConfigurationName = Release;
		};
		891B3088282821A4002CEA82 /* Build configuration list for PBXNativeTarget "GottaGoFastDriver" */ = {
			isa = XCConfigurationList;
			buildConfigurations = (
				891B3089282821A4002CEA82 /* Debug */,
				891B308A282821A4002CEA82 /* Release */,
			);
			defaultConfigurationIsVisible = 0;
			defaultConfigurationName = Release;
		};
/* End XCConfigurationList section */
	};
	rootObject = 891B305F2828204C002CEA82 /* Project object */;
}
